// !$*UTF8*$!
{
	archiveVersion = 1;
	classes = {
	};
	objectVersion = 60;
	objects = {

/* Begin PBXBuildFile section */
		AC031EE12B918684006A3A8C /* Account.swift in Sources */ = {isa = PBXBuildFile; fileRef = AC031EE02B918684006A3A8C /* Account.swift */; };
		AC04B76F2C3CF51800B02078 /* Symbols.swift in Sources */ = {isa = PBXBuildFile; fileRef = AC04B76E2C3CF51800B02078 /* Symbols.swift */; };
		AC04B7712C3CF5F800B02078 /* SymbolPickerView.swift in Sources */ = {isa = PBXBuildFile; fileRef = AC04B7702C3CF5F800B02078 /* SymbolPickerView.swift */; };
		AC20CC5C2C4FF1C000BCED90 /* ErrorView.swift in Sources */ = {isa = PBXBuildFile; fileRef = AC20CC5B2C4FF1C000BCED90 /* ErrorView.swift */; };
		AC213FE02B9827100095846E /* CategoryView.swift in Sources */ = {isa = PBXBuildFile; fileRef = AC213FDF2B9827100095846E /* CategoryView.swift */; };
		AC213FE22B9865A00095846E /* LongPressSupport.swift in Sources */ = {isa = PBXBuildFile; fileRef = AC213FE12B9865A00095846E /* LongPressSupport.swift */; };
		AC213FE52B986C2A0095846E /* Transaction.swift in Sources */ = {isa = PBXBuildFile; fileRef = AC213FE42B986C2A0095846E /* Transaction.swift */; };
		AC213FEB2B987E0D0095846E /* CurrencyPicker.swift in Sources */ = {isa = PBXBuildFile; fileRef = AC213FEA2B987E0D0095846E /* CurrencyPicker.swift */; };
		AC4080B62B8E34AB004D7575 /* MoneyApp.swift in Sources */ = {isa = PBXBuildFile; fileRef = AC4080B52B8E34AB004D7575 /* MoneyApp.swift */; };
		AC4080BC2B8E34AD004D7575 /* Assets.xcassets in Resources */ = {isa = PBXBuildFile; fileRef = AC4080BB2B8E34AD004D7575 /* Assets.xcassets */; };
		AC4080C02B8E34AD004D7575 /* Preview Assets.xcassets in Resources */ = {isa = PBXBuildFile; fileRef = AC4080BF2B8E34AD004D7575 /* Preview Assets.xcassets */; };
		AC4080CB2B8E34AD004D7575 /* MoneyTests.swift in Sources */ = {isa = PBXBuildFile; fileRef = AC4080CA2B8E34AD004D7575 /* MoneyTests.swift */; };
		AC4080D52B8E34AD004D7575 /* MoneyUITests.swift in Sources */ = {isa = PBXBuildFile; fileRef = AC4080D42B8E34AD004D7575 /* MoneyUITests.swift */; };
		AC4080D72B8E34AD004D7575 /* MoneyUITestsLaunchTests.swift in Sources */ = {isa = PBXBuildFile; fileRef = AC4080D62B8E34AD004D7575 /* MoneyUITestsLaunchTests.swift */; };
		AC5A16E92B997AB100B07D1A /* CorneredBorderModifier.swift in Sources */ = {isa = PBXBuildFile; fileRef = AC5A16E82B997AB100B07D1A /* CorneredBorderModifier.swift */; };
		AC5A16EB2B99E09D00B07D1A /* Preferences.swift in Sources */ = {isa = PBXBuildFile; fileRef = AC5A16EA2B99E09C00B07D1A /* Preferences.swift */; };
		AC5A16ED2B99E75400B07D1A /* CurrencyError.swift in Sources */ = {isa = PBXBuildFile; fileRef = AC5A16EC2B99E75400B07D1A /* CurrencyError.swift */; };
		AC5A16EF2B9A010900B07D1A /* CurrencySymbols.json in Resources */ = {isa = PBXBuildFile; fileRef = AC5A16EE2B9A010900B07D1A /* CurrencySymbols.json */; };
		AC5A16F12B9A01BE00B07D1A /* CurrencySymbol.swift in Sources */ = {isa = PBXBuildFile; fileRef = AC5A16F02B9A01BE00B07D1A /* CurrencySymbol.swift */; };
		AC5C0E352C4BDD0400BF90E1 /* CalculateManager.swift in Sources */ = {isa = PBXBuildFile; fileRef = AC5C0E342C4BDD0400BF90E1 /* CalculateManager.swift */; };
		AC5C0E432C4C055500BF90E1 /* DataProvider in Frameworks */ = {isa = PBXBuildFile; productRef = AC5C0E422C4C055500BF90E1 /* DataProvider */; };
		AC619D732BFC5E9F00B28E16 /* ReportTableView.swift in Sources */ = {isa = PBXBuildFile; fileRef = AC619D722BFC5E9F00B28E16 /* ReportTableView.swift */; };
		AC6308A52C416EAA002C40D0 /* AppSettings.swift in Sources */ = {isa = PBXBuildFile; fileRef = AC6308A42C416EAA002C40D0 /* AppSettings.swift */; };
		AC6642642C43EEFC00B1FA00 /* Testing in Frameworks */ = {isa = PBXBuildFile; productRef = AC6642632C43EEFC00B1FA00 /* Testing */; };
		AC683A1B2C57374E00678B6F /* WidgetKit.framework in Frameworks */ = {isa = PBXBuildFile; fileRef = AC6839FF2C5736A800678B6F /* WidgetKit.framework */; };
		AC683A1C2C57374E00678B6F /* SwiftUI.framework in Frameworks */ = {isa = PBXBuildFile; fileRef = AC683A012C5736A800678B6F /* SwiftUI.framework */; };
		AC683A1F2C57374E00678B6F /* MoneyWidgetBundle.swift in Sources */ = {isa = PBXBuildFile; fileRef = AC683A1E2C57374E00678B6F /* MoneyWidgetBundle.swift */; };
		AC683A212C57374E00678B6F /* MoneyWidgetLiveActivity.swift in Sources */ = {isa = PBXBuildFile; fileRef = AC683A202C57374E00678B6F /* MoneyWidgetLiveActivity.swift */; };
		AC683A232C57374E00678B6F /* MoneyWidget.swift in Sources */ = {isa = PBXBuildFile; fileRef = AC683A222C57374E00678B6F /* MoneyWidget.swift */; };
		AC683A252C57374E00678B6F /* AppIntent.swift in Sources */ = {isa = PBXBuildFile; fileRef = AC683A242C57374E00678B6F /* AppIntent.swift */; };
		AC683A272C57374F00678B6F /* Assets.xcassets in Resources */ = {isa = PBXBuildFile; fileRef = AC683A262C57374F00678B6F /* Assets.xcassets */; };
		AC683A2B2C57374F00678B6F /* MoneyWidgetExtension.appex in Embed Foundation Extensions */ = {isa = PBXBuildFile; fileRef = AC683A1A2C57374E00678B6F /* MoneyWidgetExtension.appex */; settings = {ATTRIBUTES = (RemoveHeadersOnCopy, ); }; };
		AC683A302C576EC500678B6F /* AllCategoriesView.swift in Sources */ = {isa = PBXBuildFile; fileRef = AC683A2F2C576EC500678B6F /* AllCategoriesView.swift */; };
		AC690C3B2C3D6E59006E284E /* IconView.swift in Sources */ = {isa = PBXBuildFile; fileRef = AC690C3A2C3D6E59006E284E /* IconView.swift */; };
		AC711D3A2C463A9200C04828 /* HistoryErrorView.swift in Sources */ = {isa = PBXBuildFile; fileRef = AC711D392C463A9200C04828 /* HistoryErrorView.swift */; };
		AC711D3C2C465C6600C04828 /* TransactionsByDate.swift in Sources */ = {isa = PBXBuildFile; fileRef = AC711D3B2C465C6600C04828 /* TransactionsByDate.swift */; };
		AC872B102BA846400034E147 /* NewIncomeView.swift in Sources */ = {isa = PBXBuildFile; fileRef = AC872B0F2BA846400034E147 /* NewIncomeView.swift */; };
		AC8ECAE02C4234330079F806 /* AccessibilityIDs.swift in Sources */ = {isa = PBXBuildFile; fileRef = AC8ECADF2C4234330079F806 /* AccessibilityIDs.swift */; };
		AC8ECAE32C4235E70079F806 /* AccessibilityIDs.swift in Sources */ = {isa = PBXBuildFile; fileRef = AC8ECADF2C4234330079F806 /* AccessibilityIDs.swift */; };
		AC8ECAE42C4235E80079F806 /* AccessibilityIDs.swift in Sources */ = {isa = PBXBuildFile; fileRef = AC8ECADF2C4234330079F806 /* AccessibilityIDs.swift */; };
		AC8ECAEC2C426DF20079F806 /* PreviewData.swift in Sources */ = {isa = PBXBuildFile; fileRef = AC8ECAEB2C426DF20079F806 /* PreviewData.swift */; };
		AC8ECAED2C426DF20079F806 /* PreviewData.swift in Sources */ = {isa = PBXBuildFile; fileRef = AC8ECAEB2C426DF20079F806 /* PreviewData.swift */; };
		AC8ECAEE2C426DF20079F806 /* PreviewData.swift in Sources */ = {isa = PBXBuildFile; fileRef = AC8ECAEB2C426DF20079F806 /* PreviewData.swift */; };
		AC98AB6F2BF863EA00B15A2F /* IncomeView.swift in Sources */ = {isa = PBXBuildFile; fileRef = AC98AB6E2BF863EA00B15A2F /* IncomeView.swift */; };
		AC98AB712BF8645E00B15A2F /* TransferView.swift in Sources */ = {isa = PBXBuildFile; fileRef = AC98AB702BF8645E00B15A2F /* TransferView.swift */; };
		AC98AB732BF8648F00B15A2F /* SpengingView.swift in Sources */ = {isa = PBXBuildFile; fileRef = AC98AB722BF8648F00B15A2F /* SpengingView.swift */; };
		AC98AB762BF8673B00B15A2F /* TODO.txt in Resources */ = {isa = PBXBuildFile; fileRef = AC98AB752BF8673B00B15A2F /* TODO.txt */; };
		AC98AB782BF8779100B15A2F /* ExpensesService.swift in Sources */ = {isa = PBXBuildFile; fileRef = AC98AB772BF8779100B15A2F /* ExpensesService.swift */; };
		AC98AB7D2BF8D67300B15A2F /* IconAndNameView.swift in Sources */ = {isa = PBXBuildFile; fileRef = AC98AB7C2BF8D67300B15A2F /* IconAndNameView.swift */; };
		AC98AB7F2BF8D6EF00B15A2F /* NewAccountChooseColorView.swift in Sources */ = {isa = PBXBuildFile; fileRef = AC98AB7E2BF8D6EF00B15A2F /* NewAccountChooseColorView.swift */; };
		AC98AB812BF8D76F00B15A2F /* NewAccountAmountView.swift in Sources */ = {isa = PBXBuildFile; fileRef = AC98AB802BF8D76F00B15A2F /* NewAccountAmountView.swift */; };
		AC98AB832BF8D7D200B15A2F /* NewAccountChooseCurrencyView.swift in Sources */ = {isa = PBXBuildFile; fileRef = AC98AB822BF8D7D200B15A2F /* NewAccountChooseCurrencyView.swift */; };
		AC98AB852BF8E69500B15A2F /* ReportView.swift in Sources */ = {isa = PBXBuildFile; fileRef = AC98AB842BF8E69500B15A2F /* ReportView.swift */; };
		AC9AF8592B9443D3005E9657 /* CategoryDetailsView.swift in Sources */ = {isa = PBXBuildFile; fileRef = AC9AF8582B9443D3005E9657 /* CategoryDetailsView.swift */; };
		AC9AF85B2B944402005E9657 /* AccountDetailsView.swift in Sources */ = {isa = PBXBuildFile; fileRef = AC9AF85A2B944402005E9657 /* AccountDetailsView.swift */; };
		AC9AF85D2B9447CD005E9657 /* DeleteButtonStyle.swift in Sources */ = {isa = PBXBuildFile; fileRef = AC9AF85C2B9447CD005E9657 /* DeleteButtonStyle.swift */; };
		ACA246D12BFAFE0900EE12B9 /* SectorChartView.swift in Sources */ = {isa = PBXBuildFile; fileRef = ACA246D02BFAFE0900EE12B9 /* SectorChartView.swift */; };
		ACA3AF302B92DF5B00403538 /* CalculatorButtonView.swift in Sources */ = {isa = PBXBuildFile; fileRef = ACA3AF2F2B92DF5B00403538 /* CalculatorButtonView.swift */; };
		ACA3AF322B930DAB00403538 /* CalculatorButton.swift in Sources */ = {isa = PBXBuildFile; fileRef = ACA3AF312B930DAB00403538 /* CalculatorButton.swift */; };
		ACA3AF342B9319A900403538 /* PresentingType.swift in Sources */ = {isa = PBXBuildFile; fileRef = ACA3AF332B9319A900403538 /* PresentingType.swift */; };
		ACA3AF392B932FB800403538 /* NewAccountView.swift in Sources */ = {isa = PBXBuildFile; fileRef = ACA3AF382B932FB800403538 /* NewAccountView.swift */; };
		ACA3AF462B933DAA00403538 /* TransferMoneyView.swift in Sources */ = {isa = PBXBuildFile; fileRef = ACA3AF452B933DAA00403538 /* TransferMoneyView.swift */; };
		ACA3AF482B9342E100403538 /* DoneButtonStyle.swift in Sources */ = {isa = PBXBuildFile; fileRef = ACA3AF472B9342E100403538 /* DoneButtonStyle.swift */; };
		ACA3AF4A2B93515600403538 /* NewCategoryView.swift in Sources */ = {isa = PBXBuildFile; fileRef = ACA3AF492B93515600403538 /* NewCategoryView.swift */; };
		ACA3AF4C2B93677900403538 /* Screenshot 2024-03-02 at 19.09.39.png in Resources */ = {isa = PBXBuildFile; fileRef = ACA3AF4B2B93677900403538 /* Screenshot 2024-03-02 at 19.09.39.png */; };
		ACC3EFAD2B958F670069C2D1 /* Currencies.json in Resources */ = {isa = PBXBuildFile; fileRef = ACC3EFAC2B958F670069C2D1 /* Currencies.json */; };
		ACC3EFB02B958FF70069C2D1 /* CurrenciesApi.swift in Sources */ = {isa = PBXBuildFile; fileRef = ACC3EFAF2B958FF70069C2D1 /* CurrenciesApi.swift */; };
		ACC3EFB22B95900C0069C2D1 /* MyCurrency.swift in Sources */ = {isa = PBXBuildFile; fileRef = ACC3EFB12B95900C0069C2D1 /* MyCurrency.swift */; };
		ACCD10F92B9C0EA5000EF710 /* ExchangeRate.swift in Sources */ = {isa = PBXBuildFile; fileRef = ACCD10F82B9C0EA5000EF710 /* ExchangeRate.swift */; };
		ACCD10FC2B9C1D01000EF710 /* CurrencyConvertible.swift in Sources */ = {isa = PBXBuildFile; fileRef = ACCD10FB2B9C1D01000EF710 /* CurrencyConvertible.swift */; };
		ACCD10FE2B9C20E2000EF710 /* AllAccountsView.swift in Sources */ = {isa = PBXBuildFile; fileRef = ACCD10FD2B9C20E2000EF710 /* AllAccountsView.swift */; };
		ACCD11022B9C2278000EF710 /* HistoryView.swift in Sources */ = {isa = PBXBuildFile; fileRef = ACCD11012B9C2278000EF710 /* HistoryView.swift */; };
		ACCD11042B9C6307000EF710 /* CurrencyMenuListView.swift in Sources */ = {isa = PBXBuildFile; fileRef = ACCD11032B9C6307000EF710 /* CurrencyMenuListView.swift */; };
		ACCD11062B9C7695000EF710 /* TransactionAccountView.swift in Sources */ = {isa = PBXBuildFile; fileRef = ACCD11052B9C7695000EF710 /* TransactionAccountView.swift */; };
		ACCD110B2B9D9EEF000EF710 /* GetHeightModifier.swift in Sources */ = {isa = PBXBuildFile; fileRef = ACCD110A2B9D9EEF000EF710 /* GetHeightModifier.swift */; };
		ACCD110D2B9E06E8000EF710 /* EnterAmountView.swift in Sources */ = {isa = PBXBuildFile; fileRef = ACCD110C2B9E06E8000EF710 /* EnterAmountView.swift */; };
		ACD4C93F2B8F09F00087F632 /* Dashboard.swift in Sources */ = {isa = PBXBuildFile; fileRef = ACD4C93E2B8F09F00087F632 /* Dashboard.swift */; };
		ACD4C9412B8F2A950087F632 /* test.swift in Sources */ = {isa = PBXBuildFile; fileRef = ACD4C9402B8F2A950087F632 /* test.swift */; };
		ACD4C9452B8F421E0087F632 /* AccountView.swift in Sources */ = {isa = PBXBuildFile; fileRef = ACD4C9442B8F421E0087F632 /* AccountView.swift */; };
		ACD4C9472B8F636E0087F632 /* GetLocationModifier.swift in Sources */ = {isa = PBXBuildFile; fileRef = ACD4C9462B8F636E0087F632 /* GetLocationModifier.swift */; };
		ACE15CE92C3F9802003340B8 /* IconType.swift in Sources */ = {isa = PBXBuildFile; fileRef = ACE15CE82C3F9802003340B8 /* IconType.swift */; };
		ACE15CEF2C3FBC6E003340B8 /* AddDataHelperView.swift in Sources */ = {isa = PBXBuildFile; fileRef = ACE15CEE2C3FBC6E003340B8 /* AddDataHelperView.swift */; };
		ACE15CF12C3FBD29003340B8 /* AppRootManager.swift in Sources */ = {isa = PBXBuildFile; fileRef = ACE15CF02C3FBD29003340B8 /* AppRootManager.swift */; };
		ACE15CF32C3FF8C5003340B8 /* StretchedRoundedButtonStyle.swift in Sources */ = {isa = PBXBuildFile; fileRef = ACE15CF22C3FF8C5003340B8 /* StretchedRoundedButtonStyle.swift */; };
		ACE15CF72C3FFE5D003340B8 /* SettingsView.swift in Sources */ = {isa = PBXBuildFile; fileRef = ACE15CF62C3FFE5D003340B8 /* SettingsView.swift */; };
		ACF62B002B91E61A002CB75D /* MenuView.swift in Sources */ = {isa = PBXBuildFile; fileRef = ACF62AFF2B91E61A002CB75D /* MenuView.swift */; };
		ACF62B022B91EB09002CB75D /* ActionSheetView.swift in Sources */ = {isa = PBXBuildFile; fileRef = ACF62B012B91EB09002CB75D /* ActionSheetView.swift */; };
		ACF62B0B2B9225BB002CB75D /* CalculatorView.swift in Sources */ = {isa = PBXBuildFile; fileRef = ACF62B0A2B9225BB002CB75D /* CalculatorView.swift */; };
/* End PBXBuildFile section */

/* Begin PBXContainerItemProxy section */
		AC4080C72B8E34AD004D7575 /* PBXContainerItemProxy */ = {
			isa = PBXContainerItemProxy;
			containerPortal = AC4080AA2B8E34AB004D7575 /* Project object */;
			proxyType = 1;
			remoteGlobalIDString = AC4080B12B8E34AB004D7575;
			remoteInfo = Money;
		};
		AC4080D12B8E34AD004D7575 /* PBXContainerItemProxy */ = {
			isa = PBXContainerItemProxy;
			containerPortal = AC4080AA2B8E34AB004D7575 /* Project object */;
			proxyType = 1;
			remoteGlobalIDString = AC4080B12B8E34AB004D7575;
			remoteInfo = Money;
		};
		AC683A292C57374F00678B6F /* PBXContainerItemProxy */ = {
			isa = PBXContainerItemProxy;
			containerPortal = AC4080AA2B8E34AB004D7575 /* Project object */;
			proxyType = 1;
			remoteGlobalIDString = AC683A192C57374E00678B6F;
			remoteInfo = MoneyWidgetExtension;
		};
/* End PBXContainerItemProxy section */

/* Begin PBXCopyFilesBuildPhase section */
		AC683A152C5736A900678B6F /* Embed Foundation Extensions */ = {
			isa = PBXCopyFilesBuildPhase;
			buildActionMask = 2147483647;
			dstPath = "";
			dstSubfolderSpec = 13;
			files = (
				AC683A2B2C57374F00678B6F /* MoneyWidgetExtension.appex in Embed Foundation Extensions */,
			);
			name = "Embed Foundation Extensions";
			runOnlyForDeploymentPostprocessing = 0;
		};
/* End PBXCopyFilesBuildPhase section */

/* Begin PBXFileReference section */
		AC031EE02B918684006A3A8C /* Account.swift */ = {isa = PBXFileReference; lastKnownFileType = sourcecode.swift; path = Account.swift; sourceTree = "<group>"; };
		AC04B76E2C3CF51800B02078 /* Symbols.swift */ = {isa = PBXFileReference; lastKnownFileType = sourcecode.swift; path = Symbols.swift; sourceTree = "<group>"; };
		AC04B7702C3CF5F800B02078 /* SymbolPickerView.swift */ = {isa = PBXFileReference; lastKnownFileType = sourcecode.swift; path = SymbolPickerView.swift; sourceTree = "<group>"; };
		AC20CC5B2C4FF1C000BCED90 /* ErrorView.swift */ = {isa = PBXFileReference; lastKnownFileType = sourcecode.swift; path = ErrorView.swift; sourceTree = "<group>"; };
		AC213FDF2B9827100095846E /* CategoryView.swift */ = {isa = PBXFileReference; lastKnownFileType = sourcecode.swift; path = CategoryView.swift; sourceTree = "<group>"; };
		AC213FE12B9865A00095846E /* LongPressSupport.swift */ = {isa = PBXFileReference; lastKnownFileType = sourcecode.swift; path = LongPressSupport.swift; sourceTree = "<group>"; };
		AC213FE42B986C2A0095846E /* Transaction.swift */ = {isa = PBXFileReference; lastKnownFileType = sourcecode.swift; path = Transaction.swift; sourceTree = "<group>"; };
		AC213FEA2B987E0D0095846E /* CurrencyPicker.swift */ = {isa = PBXFileReference; lastKnownFileType = sourcecode.swift; path = CurrencyPicker.swift; sourceTree = "<group>"; };
		AC4080B22B8E34AB004D7575 /* Money.app */ = {isa = PBXFileReference; explicitFileType = wrapper.application; includeInIndex = 0; path = Money.app; sourceTree = BUILT_PRODUCTS_DIR; };
		AC4080B52B8E34AB004D7575 /* MoneyApp.swift */ = {isa = PBXFileReference; lastKnownFileType = sourcecode.swift; path = MoneyApp.swift; sourceTree = "<group>"; };
		AC4080BB2B8E34AD004D7575 /* Assets.xcassets */ = {isa = PBXFileReference; lastKnownFileType = folder.assetcatalog; path = Assets.xcassets; sourceTree = "<group>"; };
		AC4080BD2B8E34AD004D7575 /* Money.entitlements */ = {isa = PBXFileReference; lastKnownFileType = text.plist.entitlements; path = Money.entitlements; sourceTree = "<group>"; };
		AC4080BF2B8E34AD004D7575 /* Preview Assets.xcassets */ = {isa = PBXFileReference; lastKnownFileType = folder.assetcatalog; path = "Preview Assets.xcassets"; sourceTree = "<group>"; };
		AC4080C12B8E34AD004D7575 /* Info.plist */ = {isa = PBXFileReference; lastKnownFileType = text.plist.xml; path = Info.plist; sourceTree = "<group>"; };
		AC4080C62B8E34AD004D7575 /* MoneyTests.xctest */ = {isa = PBXFileReference; explicitFileType = wrapper.cfbundle; includeInIndex = 0; path = MoneyTests.xctest; sourceTree = BUILT_PRODUCTS_DIR; };
		AC4080CA2B8E34AD004D7575 /* MoneyTests.swift */ = {isa = PBXFileReference; lastKnownFileType = sourcecode.swift; path = MoneyTests.swift; sourceTree = "<group>"; };
		AC4080D02B8E34AD004D7575 /* MoneyUITests.xctest */ = {isa = PBXFileReference; explicitFileType = wrapper.cfbundle; includeInIndex = 0; path = MoneyUITests.xctest; sourceTree = BUILT_PRODUCTS_DIR; };
		AC4080D42B8E34AD004D7575 /* MoneyUITests.swift */ = {isa = PBXFileReference; lastKnownFileType = sourcecode.swift; path = MoneyUITests.swift; sourceTree = "<group>"; };
		AC4080D62B8E34AD004D7575 /* MoneyUITestsLaunchTests.swift */ = {isa = PBXFileReference; lastKnownFileType = sourcecode.swift; path = MoneyUITestsLaunchTests.swift; sourceTree = "<group>"; };
		AC5A16E82B997AB100B07D1A /* CorneredBorderModifier.swift */ = {isa = PBXFileReference; lastKnownFileType = sourcecode.swift; path = CorneredBorderModifier.swift; sourceTree = "<group>"; };
		AC5A16EA2B99E09C00B07D1A /* Preferences.swift */ = {isa = PBXFileReference; lastKnownFileType = sourcecode.swift; path = Preferences.swift; sourceTree = "<group>"; };
		AC5A16EC2B99E75400B07D1A /* CurrencyError.swift */ = {isa = PBXFileReference; lastKnownFileType = sourcecode.swift; path = CurrencyError.swift; sourceTree = "<group>"; };
		AC5A16EE2B9A010900B07D1A /* CurrencySymbols.json */ = {isa = PBXFileReference; lastKnownFileType = text.json; path = CurrencySymbols.json; sourceTree = "<group>"; };
		AC5A16F02B9A01BE00B07D1A /* CurrencySymbol.swift */ = {isa = PBXFileReference; lastKnownFileType = sourcecode.swift; path = CurrencySymbol.swift; sourceTree = "<group>"; };
		AC5C0E342C4BDD0400BF90E1 /* CalculateManager.swift */ = {isa = PBXFileReference; lastKnownFileType = sourcecode.swift; path = CalculateManager.swift; sourceTree = "<group>"; };
		AC619D722BFC5E9F00B28E16 /* ReportTableView.swift */ = {isa = PBXFileReference; lastKnownFileType = sourcecode.swift; path = ReportTableView.swift; sourceTree = "<group>"; };
		AC6308A42C416EAA002C40D0 /* AppSettings.swift */ = {isa = PBXFileReference; lastKnownFileType = sourcecode.swift; path = AppSettings.swift; sourceTree = "<group>"; };
		AC6839FF2C5736A800678B6F /* WidgetKit.framework */ = {isa = PBXFileReference; lastKnownFileType = wrapper.framework; name = WidgetKit.framework; path = System/Library/Frameworks/WidgetKit.framework; sourceTree = SDKROOT; };
		AC683A012C5736A800678B6F /* SwiftUI.framework */ = {isa = PBXFileReference; lastKnownFileType = wrapper.framework; name = SwiftUI.framework; path = System/Library/Frameworks/SwiftUI.framework; sourceTree = SDKROOT; };
		AC683A1A2C57374E00678B6F /* MoneyWidgetExtension.appex */ = {isa = PBXFileReference; explicitFileType = "wrapper.app-extension"; includeInIndex = 0; path = MoneyWidgetExtension.appex; sourceTree = BUILT_PRODUCTS_DIR; };
		AC683A1E2C57374E00678B6F /* MoneyWidgetBundle.swift */ = {isa = PBXFileReference; lastKnownFileType = sourcecode.swift; path = MoneyWidgetBundle.swift; sourceTree = "<group>"; };
		AC683A202C57374E00678B6F /* MoneyWidgetLiveActivity.swift */ = {isa = PBXFileReference; lastKnownFileType = sourcecode.swift; path = MoneyWidgetLiveActivity.swift; sourceTree = "<group>"; };
		AC683A222C57374E00678B6F /* MoneyWidget.swift */ = {isa = PBXFileReference; lastKnownFileType = sourcecode.swift; path = MoneyWidget.swift; sourceTree = "<group>"; };
		AC683A242C57374E00678B6F /* AppIntent.swift */ = {isa = PBXFileReference; lastKnownFileType = sourcecode.swift; path = AppIntent.swift; sourceTree = "<group>"; };
		AC683A262C57374F00678B6F /* Assets.xcassets */ = {isa = PBXFileReference; lastKnownFileType = folder.assetcatalog; path = Assets.xcassets; sourceTree = "<group>"; };
		AC683A282C57374F00678B6F /* Info.plist */ = {isa = PBXFileReference; lastKnownFileType = text.plist.xml; path = Info.plist; sourceTree = "<group>"; };
		AC683A2F2C576EC500678B6F /* AllCategoriesView.swift */ = {isa = PBXFileReference; lastKnownFileType = sourcecode.swift; path = AllCategoriesView.swift; sourceTree = "<group>"; };
		AC690C3A2C3D6E59006E284E /* IconView.swift */ = {isa = PBXFileReference; lastKnownFileType = sourcecode.swift; path = IconView.swift; sourceTree = "<group>"; };
		AC711D392C463A9200C04828 /* HistoryErrorView.swift */ = {isa = PBXFileReference; lastKnownFileType = sourcecode.swift; path = HistoryErrorView.swift; sourceTree = "<group>"; };
		AC711D3B2C465C6600C04828 /* TransactionsByDate.swift */ = {isa = PBXFileReference; lastKnownFileType = sourcecode.swift; path = TransactionsByDate.swift; sourceTree = "<group>"; };
		AC872B0F2BA846400034E147 /* NewIncomeView.swift */ = {isa = PBXFileReference; lastKnownFileType = sourcecode.swift; path = NewIncomeView.swift; sourceTree = "<group>"; };
		AC8ECADF2C4234330079F806 /* AccessibilityIDs.swift */ = {isa = PBXFileReference; lastKnownFileType = sourcecode.swift; path = AccessibilityIDs.swift; sourceTree = "<group>"; };
		AC8ECAEB2C426DF20079F806 /* PreviewData.swift */ = {isa = PBXFileReference; lastKnownFileType = sourcecode.swift; path = PreviewData.swift; sourceTree = "<group>"; };
		AC98AB6E2BF863EA00B15A2F /* IncomeView.swift */ = {isa = PBXFileReference; lastKnownFileType = sourcecode.swift; path = IncomeView.swift; sourceTree = "<group>"; };
		AC98AB702BF8645E00B15A2F /* TransferView.swift */ = {isa = PBXFileReference; lastKnownFileType = sourcecode.swift; path = TransferView.swift; sourceTree = "<group>"; };
		AC98AB722BF8648F00B15A2F /* SpengingView.swift */ = {isa = PBXFileReference; lastKnownFileType = sourcecode.swift; path = SpengingView.swift; sourceTree = "<group>"; };
		AC98AB752BF8673B00B15A2F /* TODO.txt */ = {isa = PBXFileReference; lastKnownFileType = text; path = TODO.txt; sourceTree = "<group>"; };
		AC98AB772BF8779100B15A2F /* ExpensesService.swift */ = {isa = PBXFileReference; lastKnownFileType = sourcecode.swift; path = ExpensesService.swift; sourceTree = "<group>"; };
		AC98AB7C2BF8D67300B15A2F /* IconAndNameView.swift */ = {isa = PBXFileReference; lastKnownFileType = sourcecode.swift; path = IconAndNameView.swift; sourceTree = "<group>"; };
		AC98AB7E2BF8D6EF00B15A2F /* NewAccountChooseColorView.swift */ = {isa = PBXFileReference; lastKnownFileType = sourcecode.swift; path = NewAccountChooseColorView.swift; sourceTree = "<group>"; };
		AC98AB802BF8D76F00B15A2F /* NewAccountAmountView.swift */ = {isa = PBXFileReference; lastKnownFileType = sourcecode.swift; path = NewAccountAmountView.swift; sourceTree = "<group>"; };
		AC98AB822BF8D7D200B15A2F /* NewAccountChooseCurrencyView.swift */ = {isa = PBXFileReference; lastKnownFileType = sourcecode.swift; path = NewAccountChooseCurrencyView.swift; sourceTree = "<group>"; };
		AC98AB842BF8E69500B15A2F /* ReportView.swift */ = {isa = PBXFileReference; lastKnownFileType = sourcecode.swift; path = ReportView.swift; sourceTree = "<group>"; };
		AC9AF8582B9443D3005E9657 /* CategoryDetailsView.swift */ = {isa = PBXFileReference; lastKnownFileType = sourcecode.swift; path = CategoryDetailsView.swift; sourceTree = "<group>"; };
		AC9AF85A2B944402005E9657 /* AccountDetailsView.swift */ = {isa = PBXFileReference; lastKnownFileType = sourcecode.swift; path = AccountDetailsView.swift; sourceTree = "<group>"; };
		AC9AF85C2B9447CD005E9657 /* DeleteButtonStyle.swift */ = {isa = PBXFileReference; lastKnownFileType = sourcecode.swift; path = DeleteButtonStyle.swift; sourceTree = "<group>"; };
		ACA246D02BFAFE0900EE12B9 /* SectorChartView.swift */ = {isa = PBXFileReference; lastKnownFileType = sourcecode.swift; path = SectorChartView.swift; sourceTree = "<group>"; };
		ACA3AF2F2B92DF5B00403538 /* CalculatorButtonView.swift */ = {isa = PBXFileReference; lastKnownFileType = sourcecode.swift; path = CalculatorButtonView.swift; sourceTree = "<group>"; };
		ACA3AF312B930DAB00403538 /* CalculatorButton.swift */ = {isa = PBXFileReference; lastKnownFileType = sourcecode.swift; path = CalculatorButton.swift; sourceTree = "<group>"; };
		ACA3AF332B9319A900403538 /* PresentingType.swift */ = {isa = PBXFileReference; lastKnownFileType = sourcecode.swift; path = PresentingType.swift; sourceTree = "<group>"; };
		ACA3AF382B932FB800403538 /* NewAccountView.swift */ = {isa = PBXFileReference; lastKnownFileType = sourcecode.swift; path = NewAccountView.swift; sourceTree = "<group>"; };
		ACA3AF452B933DAA00403538 /* TransferMoneyView.swift */ = {isa = PBXFileReference; lastKnownFileType = sourcecode.swift; path = TransferMoneyView.swift; sourceTree = "<group>"; };
		ACA3AF472B9342E100403538 /* DoneButtonStyle.swift */ = {isa = PBXFileReference; lastKnownFileType = sourcecode.swift; path = DoneButtonStyle.swift; sourceTree = "<group>"; };
		ACA3AF492B93515600403538 /* NewCategoryView.swift */ = {isa = PBXFileReference; lastKnownFileType = sourcecode.swift; path = NewCategoryView.swift; sourceTree = "<group>"; };
		ACA3AF4B2B93677900403538 /* Screenshot 2024-03-02 at 19.09.39.png */ = {isa = PBXFileReference; lastKnownFileType = image.png; path = "Screenshot 2024-03-02 at 19.09.39.png"; sourceTree = "<group>"; };
		ACC3EFAC2B958F670069C2D1 /* Currencies.json */ = {isa = PBXFileReference; lastKnownFileType = text.json; path = Currencies.json; sourceTree = "<group>"; };
		ACC3EFAF2B958FF70069C2D1 /* CurrenciesApi.swift */ = {isa = PBXFileReference; lastKnownFileType = sourcecode.swift; path = CurrenciesApi.swift; sourceTree = "<group>"; };
		ACC3EFB12B95900C0069C2D1 /* MyCurrency.swift */ = {isa = PBXFileReference; lastKnownFileType = sourcecode.swift; path = MyCurrency.swift; sourceTree = "<group>"; };
		ACCD10F82B9C0EA5000EF710 /* ExchangeRate.swift */ = {isa = PBXFileReference; lastKnownFileType = sourcecode.swift; path = ExchangeRate.swift; sourceTree = "<group>"; };
		ACCD10FB2B9C1D01000EF710 /* CurrencyConvertible.swift */ = {isa = PBXFileReference; lastKnownFileType = sourcecode.swift; path = CurrencyConvertible.swift; sourceTree = "<group>"; };
		ACCD10FD2B9C20E2000EF710 /* AllAccountsView.swift */ = {isa = PBXFileReference; lastKnownFileType = sourcecode.swift; path = AllAccountsView.swift; sourceTree = "<group>"; };
		ACCD11012B9C2278000EF710 /* HistoryView.swift */ = {isa = PBXFileReference; lastKnownFileType = sourcecode.swift; path = HistoryView.swift; sourceTree = "<group>"; };
		ACCD11032B9C6307000EF710 /* CurrencyMenuListView.swift */ = {isa = PBXFileReference; lastKnownFileType = sourcecode.swift; path = CurrencyMenuListView.swift; sourceTree = "<group>"; };
		ACCD11052B9C7695000EF710 /* TransactionAccountView.swift */ = {isa = PBXFileReference; lastKnownFileType = sourcecode.swift; path = TransactionAccountView.swift; sourceTree = "<group>"; };
		ACCD110A2B9D9EEF000EF710 /* GetHeightModifier.swift */ = {isa = PBXFileReference; lastKnownFileType = sourcecode.swift; path = GetHeightModifier.swift; sourceTree = "<group>"; };
		ACCD110C2B9E06E8000EF710 /* EnterAmountView.swift */ = {isa = PBXFileReference; lastKnownFileType = sourcecode.swift; path = EnterAmountView.swift; sourceTree = "<group>"; };
		ACD4C93E2B8F09F00087F632 /* Dashboard.swift */ = {isa = PBXFileReference; lastKnownFileType = sourcecode.swift; path = Dashboard.swift; sourceTree = "<group>"; };
		ACD4C9402B8F2A950087F632 /* test.swift */ = {isa = PBXFileReference; lastKnownFileType = sourcecode.swift; path = test.swift; sourceTree = "<group>"; };
		ACD4C9442B8F421E0087F632 /* AccountView.swift */ = {isa = PBXFileReference; lastKnownFileType = sourcecode.swift; path = AccountView.swift; sourceTree = "<group>"; };
		ACD4C9462B8F636E0087F632 /* GetLocationModifier.swift */ = {isa = PBXFileReference; lastKnownFileType = sourcecode.swift; path = GetLocationModifier.swift; sourceTree = "<group>"; };
		ACE15CE82C3F9802003340B8 /* IconType.swift */ = {isa = PBXFileReference; lastKnownFileType = sourcecode.swift; path = IconType.swift; sourceTree = "<group>"; };
		ACE15CEE2C3FBC6E003340B8 /* AddDataHelperView.swift */ = {isa = PBXFileReference; lastKnownFileType = sourcecode.swift; path = AddDataHelperView.swift; sourceTree = "<group>"; };
		ACE15CF02C3FBD29003340B8 /* AppRootManager.swift */ = {isa = PBXFileReference; lastKnownFileType = sourcecode.swift; path = AppRootManager.swift; sourceTree = "<group>"; };
		ACE15CF22C3FF8C5003340B8 /* StretchedRoundedButtonStyle.swift */ = {isa = PBXFileReference; lastKnownFileType = sourcecode.swift; path = StretchedRoundedButtonStyle.swift; sourceTree = "<group>"; };
		ACE15CF62C3FFE5D003340B8 /* SettingsView.swift */ = {isa = PBXFileReference; lastKnownFileType = sourcecode.swift; path = SettingsView.swift; sourceTree = "<group>"; };
		ACF62AFF2B91E61A002CB75D /* MenuView.swift */ = {isa = PBXFileReference; lastKnownFileType = sourcecode.swift; path = MenuView.swift; sourceTree = "<group>"; };
		ACF62B012B91EB09002CB75D /* ActionSheetView.swift */ = {isa = PBXFileReference; lastKnownFileType = sourcecode.swift; path = ActionSheetView.swift; sourceTree = "<group>"; };
		ACF62B0A2B9225BB002CB75D /* CalculatorView.swift */ = {isa = PBXFileReference; lastKnownFileType = sourcecode.swift; path = CalculatorView.swift; sourceTree = "<group>"; };
/* End PBXFileReference section */

/* Begin PBXFrameworksBuildPhase section */
		AC4080AF2B8E34AB004D7575 /* Frameworks */ = {
			isa = PBXFrameworksBuildPhase;
			buildActionMask = 2147483647;
			files = (
				AC5C0E432C4C055500BF90E1 /* DataProvider in Frameworks */,
			);
			runOnlyForDeploymentPostprocessing = 0;
		};
		AC4080C32B8E34AD004D7575 /* Frameworks */ = {
			isa = PBXFrameworksBuildPhase;
			buildActionMask = 2147483647;
			files = (
				AC6642642C43EEFC00B1FA00 /* Testing in Frameworks */,
			);
			runOnlyForDeploymentPostprocessing = 0;
		};
		AC4080CD2B8E34AD004D7575 /* Frameworks */ = {
			isa = PBXFrameworksBuildPhase;
			buildActionMask = 2147483647;
			files = (
			);
			runOnlyForDeploymentPostprocessing = 0;
		};
		AC683A172C57374E00678B6F /* Frameworks */ = {
			isa = PBXFrameworksBuildPhase;
			buildActionMask = 2147483647;
			files = (
				AC683A1C2C57374E00678B6F /* SwiftUI.framework in Frameworks */,
				AC683A1B2C57374E00678B6F /* WidgetKit.framework in Frameworks */,
			);
			runOnlyForDeploymentPostprocessing = 0;
		};
/* End PBXFrameworksBuildPhase section */

/* Begin PBXGroup section */
		AC031EDD2B91863B006A3A8C /* Models */ = {
			isa = PBXGroup;
			children = (
				AC031EE02B918684006A3A8C /* Account.swift */,
				ACC3EFB12B95900C0069C2D1 /* MyCurrency.swift */,
				AC213FE42B986C2A0095846E /* Transaction.swift */,
				ACA3AF312B930DAB00403538 /* CalculatorButton.swift */,
				ACA3AF332B9319A900403538 /* PresentingType.swift */,
				AC5A16EC2B99E75400B07D1A /* CurrencyError.swift */,
				AC5A16F02B9A01BE00B07D1A /* CurrencySymbol.swift */,
				ACCD10F82B9C0EA5000EF710 /* ExchangeRate.swift */,
				AC711D3B2C465C6600C04828 /* TransactionsByDate.swift */,
				ACE15CE82C3F9802003340B8 /* IconType.swift */,
				AC6308A42C416EAA002C40D0 /* AppSettings.swift */,
			);
			path = Models;
			sourceTree = "<group>";
		};
		AC031EE82B9190A6006A3A8C /* Views */ = {
			isa = PBXGroup;
			children = (
				ACD4C93E2B8F09F00087F632 /* Dashboard.swift */,
				ACD4C9442B8F421E0087F632 /* AccountView.swift */,
				AC213FDF2B9827100095846E /* CategoryView.swift */,
				AC8ECAE62C4269C10079F806 /* Details */,
				AC98AB7B2BF8D65600B15A2F /* NewAccount */,
				ACCD11072B9C76BA000EF710 /* NewTransfer */,
				AC98AB742BF8652400B15A2F /* History */,
				AC8ECAE52C42698B0079F806 /* Report */,
				AC8ECAE72C4269E60079F806 /* Calculator */,
				AC8ECAE82C426A250079F806 /* HelperViews */,
			);
			path = Views;
			sourceTree = "<group>";
		};
		AC213FE32B9868D40095846E /* Styles */ = {
			isa = PBXGroup;
			children = (
				ACA3AF472B9342E100403538 /* DoneButtonStyle.swift */,
				ACE15CF22C3FF8C5003340B8 /* StretchedRoundedButtonStyle.swift */,
				AC9AF85C2B9447CD005E9657 /* DeleteButtonStyle.swift */,
			);
			path = Styles;
			sourceTree = "<group>";
		};
		AC4080A92B8E34AB004D7575 = {
			isa = PBXGroup;
			children = (
				AC4080B42B8E34AB004D7575 /* Money */,
				AC4080C92B8E34AD004D7575 /* MoneyTests */,
				AC4080D32B8E34AD004D7575 /* MoneyUITests */,
				AC683A1D2C57374E00678B6F /* MoneyWidget */,
				AC4080B32B8E34AB004D7575 /* Products */,
				AC690C372C3D5505006E284E /* Frameworks */,
			);
			sourceTree = "<group>";
		};
		AC4080B32B8E34AB004D7575 /* Products */ = {
			isa = PBXGroup;
			children = (
				AC4080B22B8E34AB004D7575 /* Money.app */,
				AC4080C62B8E34AD004D7575 /* MoneyTests.xctest */,
				AC4080D02B8E34AD004D7575 /* MoneyUITests.xctest */,
				AC683A1A2C57374E00678B6F /* MoneyWidgetExtension.appex */,
			);
			name = Products;
			sourceTree = "<group>";
		};
		AC4080B42B8E34AB004D7575 /* Money */ = {
			isa = PBXGroup;
			children = (
				AC98AB752BF8673B00B15A2F /* TODO.txt */,
				AC4080B52B8E34AB004D7575 /* MoneyApp.swift */,
				AC8ECADF2C4234330079F806 /* AccessibilityIDs.swift */,
				AC8ECAEA2C426B360079F806 /* Observables */,
				ACC3EFAE2B958FE60069C2D1 /* API */,
				ACC3EFAB2B958F500069C2D1 /* Files */,
				AC213FE32B9868D40095846E /* Styles */,
				AC8ECAE92C426AF20079F806 /* Modifiers */,
				ACCD10FA2B9C1CDF000EF710 /* Protocols */,
				AC031EDD2B91863B006A3A8C /* Models */,
				AC031EE82B9190A6006A3A8C /* Views */,
				ACD4C9402B8F2A950087F632 /* test.swift */,
				AC8ECAEB2C426DF20079F806 /* PreviewData.swift */,
				AC04B76E2C3CF51800B02078 /* Symbols.swift */,
				AC4080BB2B8E34AD004D7575 /* Assets.xcassets */,
				AC4080BD2B8E34AD004D7575 /* Money.entitlements */,
				ACA3AF4B2B93677900403538 /* Screenshot 2024-03-02 at 19.09.39.png */,
				AC4080C12B8E34AD004D7575 /* Info.plist */,
				AC4080BE2B8E34AD004D7575 /* Preview Content */,
			);
			path = Money;
			sourceTree = "<group>";
		};
		AC4080BE2B8E34AD004D7575 /* Preview Content */ = {
			isa = PBXGroup;
			children = (
				AC4080BF2B8E34AD004D7575 /* Preview Assets.xcassets */,
			);
			path = "Preview Content";
			sourceTree = "<group>";
		};
		AC4080C92B8E34AD004D7575 /* MoneyTests */ = {
			isa = PBXGroup;
			children = (
				AC4080CA2B8E34AD004D7575 /* MoneyTests.swift */,
			);
			path = MoneyTests;
			sourceTree = "<group>";
		};
		AC4080D32B8E34AD004D7575 /* MoneyUITests */ = {
			isa = PBXGroup;
			children = (
				AC4080D42B8E34AD004D7575 /* MoneyUITests.swift */,
				AC4080D62B8E34AD004D7575 /* MoneyUITestsLaunchTests.swift */,
			);
			path = MoneyUITests;
			sourceTree = "<group>";
		};
		AC683A1D2C57374E00678B6F /* MoneyWidget */ = {
			isa = PBXGroup;
			children = (
				AC683A1E2C57374E00678B6F /* MoneyWidgetBundle.swift */,
				AC683A202C57374E00678B6F /* MoneyWidgetLiveActivity.swift */,
				AC683A222C57374E00678B6F /* MoneyWidget.swift */,
				AC683A242C57374E00678B6F /* AppIntent.swift */,
				AC683A262C57374F00678B6F /* Assets.xcassets */,
				AC683A282C57374F00678B6F /* Info.plist */,
			);
			path = MoneyWidget;
			sourceTree = "<group>";
		};
		AC690C372C3D5505006E284E /* Frameworks */ = {
			isa = PBXGroup;
			children = (
				AC6839FF2C5736A800678B6F /* WidgetKit.framework */,
				AC683A012C5736A800678B6F /* SwiftUI.framework */,
			);
			name = Frameworks;
			sourceTree = "<group>";
		};
		AC8ECAE52C42698B0079F806 /* Report */ = {
			isa = PBXGroup;
			children = (
				AC98AB842BF8E69500B15A2F /* ReportView.swift */,
				AC619D722BFC5E9F00B28E16 /* ReportTableView.swift */,
				ACA246D02BFAFE0900EE12B9 /* SectorChartView.swift */,
			);
			path = Report;
			sourceTree = "<group>";
		};
		AC8ECAE62C4269C10079F806 /* Details */ = {
			isa = PBXGroup;
			children = (
				AC9AF85A2B944402005E9657 /* AccountDetailsView.swift */,
				AC9AF8582B9443D3005E9657 /* CategoryDetailsView.swift */,
			);
			path = Details;
			sourceTree = "<group>";
		};
		AC8ECAE72C4269E60079F806 /* Calculator */ = {
			isa = PBXGroup;
			children = (
				ACF62B0A2B9225BB002CB75D /* CalculatorView.swift */,
				ACA3AF2F2B92DF5B00403538 /* CalculatorButtonView.swift */,
			);
			path = Calculator;
			sourceTree = "<group>";
		};
		AC8ECAE82C426A250079F806 /* HelperViews */ = {
			isa = PBXGroup;
			children = (
				ACCD10FD2B9C20E2000EF710 /* AllAccountsView.swift */,
				AC683A2F2C576EC500678B6F /* AllCategoriesView.swift */,
				ACE15CEE2C3FBC6E003340B8 /* AddDataHelperView.swift */,
				ACF62AFF2B91E61A002CB75D /* MenuView.swift */,
				ACE15CF62C3FFE5D003340B8 /* SettingsView.swift */,
				ACF62B012B91EB09002CB75D /* ActionSheetView.swift */,
				AC690C3A2C3D6E59006E284E /* IconView.swift */,
				AC213FEA2B987E0D0095846E /* CurrencyPicker.swift */,
				AC04B7702C3CF5F800B02078 /* SymbolPickerView.swift */,
				AC20CC5B2C4FF1C000BCED90 /* ErrorView.swift */,
			);
			path = HelperViews;
			sourceTree = "<group>";
		};
		AC8ECAE92C426AF20079F806 /* Modifiers */ = {
			isa = PBXGroup;
			children = (
				AC213FE12B9865A00095846E /* LongPressSupport.swift */,
				ACD4C9462B8F636E0087F632 /* GetLocationModifier.swift */,
				ACCD110A2B9D9EEF000EF710 /* GetHeightModifier.swift */,
				AC5A16E82B997AB100B07D1A /* CorneredBorderModifier.swift */,
			);
			path = Modifiers;
			sourceTree = "<group>";
		};
		AC8ECAEA2C426B360079F806 /* Observables */ = {
			isa = PBXGroup;
			children = (
				AC5A16EA2B99E09C00B07D1A /* Preferences.swift */,
				ACE15CF02C3FBD29003340B8 /* AppRootManager.swift */,
				AC98AB772BF8779100B15A2F /* ExpensesService.swift */,
			);
			path = Observables;
			sourceTree = "<group>";
		};
		AC98AB742BF8652400B15A2F /* History */ = {
			isa = PBXGroup;
			children = (
				ACCD11012B9C2278000EF710 /* HistoryView.swift */,
				AC711D392C463A9200C04828 /* HistoryErrorView.swift */,
				AC98AB6E2BF863EA00B15A2F /* IncomeView.swift */,
				AC98AB702BF8645E00B15A2F /* TransferView.swift */,
				AC98AB722BF8648F00B15A2F /* SpengingView.swift */,
			);
			path = History;
			sourceTree = "<group>";
		};
		AC98AB7B2BF8D65600B15A2F /* NewAccount */ = {
			isa = PBXGroup;
			children = (
				ACA3AF382B932FB800403538 /* NewAccountView.swift */,
				ACA3AF492B93515600403538 /* NewCategoryView.swift */,
				AC98AB7C2BF8D67300B15A2F /* IconAndNameView.swift */,
				AC98AB822BF8D7D200B15A2F /* NewAccountChooseCurrencyView.swift */,
				AC98AB802BF8D76F00B15A2F /* NewAccountAmountView.swift */,
				AC98AB7E2BF8D6EF00B15A2F /* NewAccountChooseColorView.swift */,
			);
			path = NewAccount;
			sourceTree = "<group>";
		};
		ACC3EFAB2B958F500069C2D1 /* Files */ = {
			isa = PBXGroup;
			children = (
				ACC3EFAC2B958F670069C2D1 /* Currencies.json */,
				AC5A16EE2B9A010900B07D1A /* CurrencySymbols.json */,
			);
			path = Files;
			sourceTree = "<group>";
		};
		ACC3EFAE2B958FE60069C2D1 /* API */ = {
			isa = PBXGroup;
			children = (
				AC5C0E342C4BDD0400BF90E1 /* CalculateManager.swift */,
				ACC3EFAF2B958FF70069C2D1 /* CurrenciesApi.swift */,
			);
			path = API;
			sourceTree = "<group>";
		};
		ACCD10FA2B9C1CDF000EF710 /* Protocols */ = {
			isa = PBXGroup;
			children = (
				ACCD10FB2B9C1D01000EF710 /* CurrencyConvertible.swift */,
			);
			path = Protocols;
			sourceTree = "<group>";
		};
		ACCD11072B9C76BA000EF710 /* NewTransfer */ = {
			isa = PBXGroup;
			children = (
				AC872B0F2BA846400034E147 /* NewIncomeView.swift */,
				ACA3AF452B933DAA00403538 /* TransferMoneyView.swift */,
				ACCD11052B9C7695000EF710 /* TransactionAccountView.swift */,
				ACCD11032B9C6307000EF710 /* CurrencyMenuListView.swift */,
				ACCD110C2B9E06E8000EF710 /* EnterAmountView.swift */,
			);
			path = NewTransfer;
			sourceTree = "<group>";
		};
/* End PBXGroup section */

/* Begin PBXNativeTarget section */
		AC4080B12B8E34AB004D7575 /* Money */ = {
			isa = PBXNativeTarget;
			buildConfigurationList = AC4080DA2B8E34AD004D7575 /* Build configuration list for PBXNativeTarget "Money" */;
			buildPhases = (
				AC4080AE2B8E34AB004D7575 /* Sources */,
				AC4080AF2B8E34AB004D7575 /* Frameworks */,
				AC4080B02B8E34AB004D7575 /* Resources */,
				AC683A152C5736A900678B6F /* Embed Foundation Extensions */,
			);
			buildRules = (
			);
			dependencies = (
				AC683A2A2C57374F00678B6F /* PBXTargetDependency */,
			);
			name = Money;
			packageProductDependencies = (
				AC5C0E422C4C055500BF90E1 /* DataProvider */,
			);
			productName = Money;
			productReference = AC4080B22B8E34AB004D7575 /* Money.app */;
			productType = "com.apple.product-type.application";
		};
		AC4080C52B8E34AD004D7575 /* MoneyTests */ = {
			isa = PBXNativeTarget;
			buildConfigurationList = AC4080DD2B8E34AD004D7575 /* Build configuration list for PBXNativeTarget "MoneyTests" */;
			buildPhases = (
				AC4080C22B8E34AD004D7575 /* Sources */,
				AC4080C32B8E34AD004D7575 /* Frameworks */,
				AC4080C42B8E34AD004D7575 /* Resources */,
			);
			buildRules = (
			);
			dependencies = (
				AC4080C82B8E34AD004D7575 /* PBXTargetDependency */,
			);
			name = MoneyTests;
			packageProductDependencies = (
				AC6642632C43EEFC00B1FA00 /* Testing */,
			);
			productName = MoneyTests;
			productReference = AC4080C62B8E34AD004D7575 /* MoneyTests.xctest */;
			productType = "com.apple.product-type.bundle.unit-test";
		};
		AC4080CF2B8E34AD004D7575 /* MoneyUITests */ = {
			isa = PBXNativeTarget;
			buildConfigurationList = AC4080E02B8E34AD004D7575 /* Build configuration list for PBXNativeTarget "MoneyUITests" */;
			buildPhases = (
				AC4080CC2B8E34AD004D7575 /* Sources */,
				AC4080CD2B8E34AD004D7575 /* Frameworks */,
				AC4080CE2B8E34AD004D7575 /* Resources */,
			);
			buildRules = (
			);
			dependencies = (
				AC4080D22B8E34AD004D7575 /* PBXTargetDependency */,
			);
			name = MoneyUITests;
			productName = MoneyUITests;
			productReference = AC4080D02B8E34AD004D7575 /* MoneyUITests.xctest */;
			productType = "com.apple.product-type.bundle.ui-testing";
		};
		AC683A192C57374E00678B6F /* MoneyWidgetExtension */ = {
			isa = PBXNativeTarget;
			buildConfigurationList = AC683A2C2C57374F00678B6F /* Build configuration list for PBXNativeTarget "MoneyWidgetExtension" */;
			buildPhases = (
				AC683A162C57374E00678B6F /* Sources */,
				AC683A172C57374E00678B6F /* Frameworks */,
				AC683A182C57374E00678B6F /* Resources */,
			);
			buildRules = (
			);
			dependencies = (
			);
			name = MoneyWidgetExtension;
			productName = MoneyWidgetExtension;
			productReference = AC683A1A2C57374E00678B6F /* MoneyWidgetExtension.appex */;
			productType = "com.apple.product-type.app-extension";
		};
/* End PBXNativeTarget section */

/* Begin PBXProject section */
		AC4080AA2B8E34AB004D7575 /* Project object */ = {
			isa = PBXProject;
			attributes = {
				BuildIndependentTargetsInParallel = 1;
				LastSwiftUpdateCheck = 1540;
				LastUpgradeCheck = 1540;
				TargetAttributes = {
					AC4080B12B8E34AB004D7575 = {
						CreatedOnToolsVersion = 15.2;
					};
					AC4080C52B8E34AD004D7575 = {
						CreatedOnToolsVersion = 15.2;
						TestTargetID = AC4080B12B8E34AB004D7575;
					};
					AC4080CF2B8E34AD004D7575 = {
						CreatedOnToolsVersion = 15.2;
						TestTargetID = AC4080B12B8E34AB004D7575;
					};
					AC683A192C57374E00678B6F = {
						CreatedOnToolsVersion = 15.4;
					};
				};
			};
			buildConfigurationList = AC4080AD2B8E34AB004D7575 /* Build configuration list for PBXProject "Money" */;
			compatibilityVersion = "Xcode 14.0";
			developmentRegion = en;
			hasScannedForEncodings = 0;
			knownRegions = (
				en,
				Base,
			);
			mainGroup = AC4080A92B8E34AB004D7575;
			packageReferences = (
				AC715A8D2C3D529A007EB2E5 /* XCRemoteSwiftPackageReference "swift-algorithms" */,
				AC6642622C43E8DA00B1FA00 /* XCRemoteSwiftPackageReference "swift-testing" */,
				AC5C0E412C4C055500BF90E1 /* XCLocalSwiftPackageReference "Money/DataProvider" */,
			);
			productRefGroup = AC4080B32B8E34AB004D7575 /* Products */;
			projectDirPath = "";
			projectRoot = "";
			targets = (
				AC4080B12B8E34AB004D7575 /* Money */,
				AC4080C52B8E34AD004D7575 /* MoneyTests */,
				AC4080CF2B8E34AD004D7575 /* MoneyUITests */,
				AC683A192C57374E00678B6F /* MoneyWidgetExtension */,
			);
		};
/* End PBXProject section */

/* Begin PBXResourcesBuildPhase section */
		AC4080B02B8E34AB004D7575 /* Resources */ = {
			isa = PBXResourcesBuildPhase;
			buildActionMask = 2147483647;
			files = (
				AC4080C02B8E34AD004D7575 /* Preview Assets.xcassets in Resources */,
				AC4080BC2B8E34AD004D7575 /* Assets.xcassets in Resources */,
				AC98AB762BF8673B00B15A2F /* TODO.txt in Resources */,
				ACC3EFAD2B958F670069C2D1 /* Currencies.json in Resources */,
				AC5A16EF2B9A010900B07D1A /* CurrencySymbols.json in Resources */,
				ACA3AF4C2B93677900403538 /* Screenshot 2024-03-02 at 19.09.39.png in Resources */,
			);
			runOnlyForDeploymentPostprocessing = 0;
		};
		AC4080C42B8E34AD004D7575 /* Resources */ = {
			isa = PBXResourcesBuildPhase;
			buildActionMask = 2147483647;
			files = (
			);
			runOnlyForDeploymentPostprocessing = 0;
		};
		AC4080CE2B8E34AD004D7575 /* Resources */ = {
			isa = PBXResourcesBuildPhase;
			buildActionMask = 2147483647;
			files = (
			);
			runOnlyForDeploymentPostprocessing = 0;
		};
		AC683A182C57374E00678B6F /* Resources */ = {
			isa = PBXResourcesBuildPhase;
			buildActionMask = 2147483647;
			files = (
				AC683A272C57374F00678B6F /* Assets.xcassets in Resources */,
			);
			runOnlyForDeploymentPostprocessing = 0;
		};
/* End PBXResourcesBuildPhase section */

/* Begin PBXSourcesBuildPhase section */
		AC4080AE2B8E34AB004D7575 /* Sources */ = {
			isa = PBXSourcesBuildPhase;
			buildActionMask = 2147483647;
			files = (
				ACA3AF482B9342E100403538 /* DoneButtonStyle.swift in Sources */,
				AC683A302C576EC500678B6F /* AllCategoriesView.swift in Sources */,
				ACD4C9452B8F421E0087F632 /* AccountView.swift in Sources */,
				AC98AB732BF8648F00B15A2F /* SpengingView.swift in Sources */,
				ACE15CEF2C3FBC6E003340B8 /* AddDataHelperView.swift in Sources */,
				AC213FE02B9827100095846E /* CategoryView.swift in Sources */,
				ACCD110B2B9D9EEF000EF710 /* GetHeightModifier.swift in Sources */,
				AC98AB782BF8779100B15A2F /* ExpensesService.swift in Sources */,
				AC5A16EB2B99E09D00B07D1A /* Preferences.swift in Sources */,
				AC8ECAEC2C426DF20079F806 /* PreviewData.swift in Sources */,
				AC8ECAE02C4234330079F806 /* AccessibilityIDs.swift in Sources */,
				ACCD10FC2B9C1D01000EF710 /* CurrencyConvertible.swift in Sources */,
				ACCD10F92B9C0EA5000EF710 /* ExchangeRate.swift in Sources */,
				AC6308A52C416EAA002C40D0 /* AppSettings.swift in Sources */,
				AC98AB812BF8D76F00B15A2F /* NewAccountAmountView.swift in Sources */,
				ACC3EFB02B958FF70069C2D1 /* CurrenciesApi.swift in Sources */,
				AC20CC5C2C4FF1C000BCED90 /* ErrorView.swift in Sources */,
				AC98AB7F2BF8D6EF00B15A2F /* NewAccountChooseColorView.swift in Sources */,
				ACCD10FE2B9C20E2000EF710 /* AllAccountsView.swift in Sources */,
				AC04B7712C3CF5F800B02078 /* SymbolPickerView.swift in Sources */,
				ACCD11042B9C6307000EF710 /* CurrencyMenuListView.swift in Sources */,
				AC711D3C2C465C6600C04828 /* TransactionsByDate.swift in Sources */,
				AC619D732BFC5E9F00B28E16 /* ReportTableView.swift in Sources */,
				ACCD11062B9C7695000EF710 /* TransactionAccountView.swift in Sources */,
				ACE15CF72C3FFE5D003340B8 /* SettingsView.swift in Sources */,
				AC98AB832BF8D7D200B15A2F /* NewAccountChooseCurrencyView.swift in Sources */,
				AC5A16ED2B99E75400B07D1A /* CurrencyError.swift in Sources */,
				ACD4C9412B8F2A950087F632 /* test.swift in Sources */,
				ACCD110D2B9E06E8000EF710 /* EnterAmountView.swift in Sources */,
				AC5A16F12B9A01BE00B07D1A /* CurrencySymbol.swift in Sources */,
				ACE15CE92C3F9802003340B8 /* IconType.swift in Sources */,
				AC04B76F2C3CF51800B02078 /* Symbols.swift in Sources */,
				AC98AB712BF8645E00B15A2F /* TransferView.swift in Sources */,
				ACC3EFB22B95900C0069C2D1 /* MyCurrency.swift in Sources */,
				ACA3AF392B932FB800403538 /* NewAccountView.swift in Sources */,
				ACD4C93F2B8F09F00087F632 /* Dashboard.swift in Sources */,
				AC690C3B2C3D6E59006E284E /* IconView.swift in Sources */,
				ACA246D12BFAFE0900EE12B9 /* SectorChartView.swift in Sources */,
				ACE15CF32C3FF8C5003340B8 /* StretchedRoundedButtonStyle.swift in Sources */,
				ACF62B002B91E61A002CB75D /* MenuView.swift in Sources */,
				ACD4C9472B8F636E0087F632 /* GetLocationModifier.swift in Sources */,
				AC213FE52B986C2A0095846E /* Transaction.swift in Sources */,
				AC213FE22B9865A00095846E /* LongPressSupport.swift in Sources */,
				AC98AB6F2BF863EA00B15A2F /* IncomeView.swift in Sources */,
				ACA3AF4A2B93515600403538 /* NewCategoryView.swift in Sources */,
				ACCD11022B9C2278000EF710 /* HistoryView.swift in Sources */,
				ACA3AF342B9319A900403538 /* PresentingType.swift in Sources */,
				AC98AB7D2BF8D67300B15A2F /* IconAndNameView.swift in Sources */,
				ACA3AF322B930DAB00403538 /* CalculatorButton.swift in Sources */,
				AC5C0E352C4BDD0400BF90E1 /* CalculateManager.swift in Sources */,
				ACA3AF302B92DF5B00403538 /* CalculatorButtonView.swift in Sources */,
				AC711D3A2C463A9200C04828 /* HistoryErrorView.swift in Sources */,
				AC872B102BA846400034E147 /* NewIncomeView.swift in Sources */,
				AC4080B62B8E34AB004D7575 /* MoneyApp.swift in Sources */,
				AC5A16E92B997AB100B07D1A /* CorneredBorderModifier.swift in Sources */,
				AC213FEB2B987E0D0095846E /* CurrencyPicker.swift in Sources */,
				ACF62B0B2B9225BB002CB75D /* CalculatorView.swift in Sources */,
				ACF62B022B91EB09002CB75D /* ActionSheetView.swift in Sources */,
				AC9AF85B2B944402005E9657 /* AccountDetailsView.swift in Sources */,
				ACE15CF12C3FBD29003340B8 /* AppRootManager.swift in Sources */,
				AC9AF8592B9443D3005E9657 /* CategoryDetailsView.swift in Sources */,
				AC98AB852BF8E69500B15A2F /* ReportView.swift in Sources */,
				AC031EE12B918684006A3A8C /* Account.swift in Sources */,
				ACA3AF462B933DAA00403538 /* TransferMoneyView.swift in Sources */,
				AC9AF85D2B9447CD005E9657 /* DeleteButtonStyle.swift in Sources */,
			);
			runOnlyForDeploymentPostprocessing = 0;
		};
		AC4080C22B8E34AD004D7575 /* Sources */ = {
			isa = PBXSourcesBuildPhase;
			buildActionMask = 2147483647;
			files = (
				AC4080CB2B8E34AD004D7575 /* MoneyTests.swift in Sources */,
				AC8ECAE32C4235E70079F806 /* AccessibilityIDs.swift in Sources */,
				AC8ECAED2C426DF20079F806 /* PreviewData.swift in Sources */,
			);
			runOnlyForDeploymentPostprocessing = 0;
		};
		AC4080CC2B8E34AD004D7575 /* Sources */ = {
			isa = PBXSourcesBuildPhase;
			buildActionMask = 2147483647;
			files = (
				AC8ECAEE2C426DF20079F806 /* PreviewData.swift in Sources */,
				AC4080D52B8E34AD004D7575 /* MoneyUITests.swift in Sources */,
				AC4080D72B8E34AD004D7575 /* MoneyUITestsLaunchTests.swift in Sources */,
				AC8ECAE42C4235E80079F806 /* AccessibilityIDs.swift in Sources */,
			);
			runOnlyForDeploymentPostprocessing = 0;
		};
		AC683A162C57374E00678B6F /* Sources */ = {
			isa = PBXSourcesBuildPhase;
			buildActionMask = 2147483647;
			files = (
				AC683A232C57374E00678B6F /* MoneyWidget.swift in Sources */,
				AC683A252C57374E00678B6F /* AppIntent.swift in Sources */,
				AC683A1F2C57374E00678B6F /* MoneyWidgetBundle.swift in Sources */,
				AC683A212C57374E00678B6F /* MoneyWidgetLiveActivity.swift in Sources */,
			);
			runOnlyForDeploymentPostprocessing = 0;
		};
/* End PBXSourcesBuildPhase section */

/* Begin PBXTargetDependency section */
		AC4080C82B8E34AD004D7575 /* PBXTargetDependency */ = {
			isa = PBXTargetDependency;
			target = AC4080B12B8E34AB004D7575 /* Money */;
			targetProxy = AC4080C72B8E34AD004D7575 /* PBXContainerItemProxy */;
		};
		AC4080D22B8E34AD004D7575 /* PBXTargetDependency */ = {
			isa = PBXTargetDependency;
			target = AC4080B12B8E34AB004D7575 /* Money */;
			targetProxy = AC4080D12B8E34AD004D7575 /* PBXContainerItemProxy */;
		};
		AC683A2A2C57374F00678B6F /* PBXTargetDependency */ = {
			isa = PBXTargetDependency;
			target = AC683A192C57374E00678B6F /* MoneyWidgetExtension */;
			targetProxy = AC683A292C57374F00678B6F /* PBXContainerItemProxy */;
		};
/* End PBXTargetDependency section */

/* Begin XCBuildConfiguration section */
		AC4080D82B8E34AD004D7575 /* Debug */ = {
			isa = XCBuildConfiguration;
			buildSettings = {
				ALWAYS_SEARCH_USER_PATHS = NO;
				ASSETCATALOG_COMPILER_GENERATE_SWIFT_ASSET_SYMBOL_EXTENSIONS = YES;
				CLANG_ANALYZER_NONNULL = YES;
				CLANG_ANALYZER_NUMBER_OBJECT_CONVERSION = YES_AGGRESSIVE;
				CLANG_CXX_LANGUAGE_STANDARD = "gnu++20";
				CLANG_ENABLE_MODULES = YES;
				CLANG_ENABLE_OBJC_ARC = YES;
				CLANG_ENABLE_OBJC_WEAK = YES;
				CLANG_WARN_BLOCK_CAPTURE_AUTORELEASING = YES;
				CLANG_WARN_BOOL_CONVERSION = YES;
				CLANG_WARN_COMMA = YES;
				CLANG_WARN_CONSTANT_CONVERSION = YES;
				CLANG_WARN_DEPRECATED_OBJC_IMPLEMENTATIONS = YES;
				CLANG_WARN_DIRECT_OBJC_ISA_USAGE = YES_ERROR;
				CLANG_WARN_DOCUMENTATION_COMMENTS = YES;
				CLANG_WARN_EMPTY_BODY = YES;
				CLANG_WARN_ENUM_CONVERSION = YES;
				CLANG_WARN_INFINITE_RECURSION = YES;
				CLANG_WARN_INT_CONVERSION = YES;
				CLANG_WARN_NON_LITERAL_NULL_CONVERSION = YES;
				CLANG_WARN_OBJC_IMPLICIT_RETAIN_SELF = YES;
				CLANG_WARN_OBJC_LITERAL_CONVERSION = YES;
				CLANG_WARN_OBJC_ROOT_CLASS = YES_ERROR;
				CLANG_WARN_QUOTED_INCLUDE_IN_FRAMEWORK_HEADER = YES;
				CLANG_WARN_RANGE_LOOP_ANALYSIS = YES;
				CLANG_WARN_STRICT_PROTOTYPES = YES;
				CLANG_WARN_SUSPICIOUS_MOVE = YES;
				CLANG_WARN_UNGUARDED_AVAILABILITY = YES_AGGRESSIVE;
				CLANG_WARN_UNREACHABLE_CODE = YES;
				CLANG_WARN__DUPLICATE_METHOD_MATCH = YES;
				COPY_PHASE_STRIP = NO;
				DEAD_CODE_STRIPPING = YES;
				DEBUG_INFORMATION_FORMAT = dwarf;
				ENABLE_STRICT_OBJC_MSGSEND = YES;
				ENABLE_TESTABILITY = YES;
				ENABLE_USER_SCRIPT_SANDBOXING = YES;
				GCC_C_LANGUAGE_STANDARD = gnu17;
				GCC_DYNAMIC_NO_PIC = NO;
				GCC_NO_COMMON_BLOCKS = YES;
				GCC_OPTIMIZATION_LEVEL = 0;
				GCC_PREPROCESSOR_DEFINITIONS = (
					"DEBUG=1",
					"$(inherited)",
				);
				GCC_WARN_64_TO_32_BIT_CONVERSION = YES;
				GCC_WARN_ABOUT_RETURN_TYPE = YES_ERROR;
				GCC_WARN_UNDECLARED_SELECTOR = YES;
				GCC_WARN_UNINITIALIZED_AUTOS = YES_AGGRESSIVE;
				GCC_WARN_UNUSED_FUNCTION = YES;
				GCC_WARN_UNUSED_VARIABLE = YES;
				LOCALIZATION_PREFERS_STRING_CATALOGS = YES;
				MTL_ENABLE_DEBUG_INFO = INCLUDE_SOURCE;
				MTL_FAST_MATH = YES;
				ONLY_ACTIVE_ARCH = YES;
				SWIFT_ACTIVE_COMPILATION_CONDITIONS = "DEBUG $(inherited)";
				SWIFT_OPTIMIZATION_LEVEL = "-Onone";
			};
			name = Debug;
		};
		AC4080D92B8E34AD004D7575 /* Release */ = {
			isa = XCBuildConfiguration;
			buildSettings = {
				ALWAYS_SEARCH_USER_PATHS = NO;
				ASSETCATALOG_COMPILER_GENERATE_SWIFT_ASSET_SYMBOL_EXTENSIONS = YES;
				CLANG_ANALYZER_NONNULL = YES;
				CLANG_ANALYZER_NUMBER_OBJECT_CONVERSION = YES_AGGRESSIVE;
				CLANG_CXX_LANGUAGE_STANDARD = "gnu++20";
				CLANG_ENABLE_MODULES = YES;
				CLANG_ENABLE_OBJC_ARC = YES;
				CLANG_ENABLE_OBJC_WEAK = YES;
				CLANG_WARN_BLOCK_CAPTURE_AUTORELEASING = YES;
				CLANG_WARN_BOOL_CONVERSION = YES;
				CLANG_WARN_COMMA = YES;
				CLANG_WARN_CONSTANT_CONVERSION = YES;
				CLANG_WARN_DEPRECATED_OBJC_IMPLEMENTATIONS = YES;
				CLANG_WARN_DIRECT_OBJC_ISA_USAGE = YES_ERROR;
				CLANG_WARN_DOCUMENTATION_COMMENTS = YES;
				CLANG_WARN_EMPTY_BODY = YES;
				CLANG_WARN_ENUM_CONVERSION = YES;
				CLANG_WARN_INFINITE_RECURSION = YES;
				CLANG_WARN_INT_CONVERSION = YES;
				CLANG_WARN_NON_LITERAL_NULL_CONVERSION = YES;
				CLANG_WARN_OBJC_IMPLICIT_RETAIN_SELF = YES;
				CLANG_WARN_OBJC_LITERAL_CONVERSION = YES;
				CLANG_WARN_OBJC_ROOT_CLASS = YES_ERROR;
				CLANG_WARN_QUOTED_INCLUDE_IN_FRAMEWORK_HEADER = YES;
				CLANG_WARN_RANGE_LOOP_ANALYSIS = YES;
				CLANG_WARN_STRICT_PROTOTYPES = YES;
				CLANG_WARN_SUSPICIOUS_MOVE = YES;
				CLANG_WARN_UNGUARDED_AVAILABILITY = YES_AGGRESSIVE;
				CLANG_WARN_UNREACHABLE_CODE = YES;
				CLANG_WARN__DUPLICATE_METHOD_MATCH = YES;
				COPY_PHASE_STRIP = NO;
				DEAD_CODE_STRIPPING = YES;
				DEBUG_INFORMATION_FORMAT = "dwarf-with-dsym";
				ENABLE_NS_ASSERTIONS = NO;
				ENABLE_STRICT_OBJC_MSGSEND = YES;
				ENABLE_USER_SCRIPT_SANDBOXING = YES;
				GCC_C_LANGUAGE_STANDARD = gnu17;
				GCC_NO_COMMON_BLOCKS = YES;
				GCC_WARN_64_TO_32_BIT_CONVERSION = YES;
				GCC_WARN_ABOUT_RETURN_TYPE = YES_ERROR;
				GCC_WARN_UNDECLARED_SELECTOR = YES;
				GCC_WARN_UNINITIALIZED_AUTOS = YES_AGGRESSIVE;
				GCC_WARN_UNUSED_FUNCTION = YES;
				GCC_WARN_UNUSED_VARIABLE = YES;
				LOCALIZATION_PREFERS_STRING_CATALOGS = YES;
				MTL_ENABLE_DEBUG_INFO = NO;
				MTL_FAST_MATH = YES;
				SWIFT_COMPILATION_MODE = wholemodule;
			};
			name = Release;
		};
		AC4080DB2B8E34AD004D7575 /* Debug */ = {
			isa = XCBuildConfiguration;
			buildSettings = {
				ALWAYS_EMBED_SWIFT_STANDARD_LIBRARIES = YES;
				ASSETCATALOG_COMPILER_APPICON_NAME = AppIcon;
				ASSETCATALOG_COMPILER_GLOBAL_ACCENT_COLOR_NAME = AccentColor;
				CODE_SIGN_ENTITLEMENTS = Money/Money.entitlements;
				CODE_SIGN_STYLE = Automatic;
				CURRENT_PROJECT_VERSION = 1;
				DEAD_CODE_STRIPPING = YES;
				DEVELOPMENT_ASSET_PATHS = "\"Money/Preview Content\"";
				DEVELOPMENT_TEAM = YZ7WQPG9RM;
				ENABLE_HARDENED_RUNTIME = YES;
				ENABLE_PREVIEWS = YES;
				GENERATE_INFOPLIST_FILE = YES;
				INFOPLIST_FILE = Money/Info.plist;
				INFOPLIST_KEY_CFBundleDisplayName = Income;
				INFOPLIST_KEY_LSApplicationCategoryType = "public.app-category.finance";
				"INFOPLIST_KEY_UIApplicationSceneManifest_Generation[sdk=iphoneos*]" = YES;
				"INFOPLIST_KEY_UIApplicationSceneManifest_Generation[sdk=iphonesimulator*]" = YES;
				"INFOPLIST_KEY_UIApplicationSupportsIndirectInputEvents[sdk=iphoneos*]" = YES;
				"INFOPLIST_KEY_UIApplicationSupportsIndirectInputEvents[sdk=iphonesimulator*]" = YES;
				"INFOPLIST_KEY_UILaunchScreen_Generation[sdk=iphoneos*]" = YES;
				"INFOPLIST_KEY_UILaunchScreen_Generation[sdk=iphonesimulator*]" = YES;
				INFOPLIST_KEY_UIRequiresFullScreen = YES;
				"INFOPLIST_KEY_UIStatusBarStyle[sdk=iphoneos*]" = UIStatusBarStyleDefault;
				"INFOPLIST_KEY_UIStatusBarStyle[sdk=iphonesimulator*]" = UIStatusBarStyleDefault;
				INFOPLIST_KEY_UISupportedInterfaceOrientations = UIInterfaceOrientationPortrait;
				IPHONEOS_DEPLOYMENT_TARGET = 17.2;
				LD_RUNPATH_SEARCH_PATHS = "@executable_path/Frameworks";
				"LD_RUNPATH_SEARCH_PATHS[sdk=macosx*]" = "@executable_path/../Frameworks";
				MACOSX_DEPLOYMENT_TARGET = 14.0;
				MARKETING_VERSION = 1.0;
				PRODUCT_BUNDLE_IDENTIFIER = com.artemvaliev.Money;
				PRODUCT_NAME = "$(TARGET_NAME)";
				SDKROOT = auto;
				SUPPORTED_PLATFORMS = "iphoneos iphonesimulator";
				SUPPORTS_MACCATALYST = NO;
				SUPPORTS_MAC_DESIGNED_FOR_IPHONE_IPAD = YES;
				SWIFT_EMIT_LOC_STRINGS = YES;
				SWIFT_STRICT_CONCURRENCY = complete;
				SWIFT_VERSION = 5.0;
				TARGETED_DEVICE_FAMILY = "1,2";
			};
			name = Debug;
		};
		AC4080DC2B8E34AD004D7575 /* Release */ = {
			isa = XCBuildConfiguration;
			buildSettings = {
				ALWAYS_EMBED_SWIFT_STANDARD_LIBRARIES = YES;
				ASSETCATALOG_COMPILER_APPICON_NAME = AppIcon;
				ASSETCATALOG_COMPILER_GLOBAL_ACCENT_COLOR_NAME = AccentColor;
				CODE_SIGN_ENTITLEMENTS = Money/Money.entitlements;
				CODE_SIGN_STYLE = Automatic;
				CURRENT_PROJECT_VERSION = 1;
				DEAD_CODE_STRIPPING = YES;
				DEVELOPMENT_ASSET_PATHS = "\"Money/Preview Content\"";
				DEVELOPMENT_TEAM = YZ7WQPG9RM;
				ENABLE_HARDENED_RUNTIME = YES;
				ENABLE_PREVIEWS = YES;
				GENERATE_INFOPLIST_FILE = YES;
				INFOPLIST_FILE = Money/Info.plist;
				INFOPLIST_KEY_CFBundleDisplayName = Income;
				INFOPLIST_KEY_LSApplicationCategoryType = "public.app-category.finance";
				"INFOPLIST_KEY_UIApplicationSceneManifest_Generation[sdk=iphoneos*]" = YES;
				"INFOPLIST_KEY_UIApplicationSceneManifest_Generation[sdk=iphonesimulator*]" = YES;
				"INFOPLIST_KEY_UIApplicationSupportsIndirectInputEvents[sdk=iphoneos*]" = YES;
				"INFOPLIST_KEY_UIApplicationSupportsIndirectInputEvents[sdk=iphonesimulator*]" = YES;
				"INFOPLIST_KEY_UILaunchScreen_Generation[sdk=iphoneos*]" = YES;
				"INFOPLIST_KEY_UILaunchScreen_Generation[sdk=iphonesimulator*]" = YES;
				INFOPLIST_KEY_UIRequiresFullScreen = YES;
				"INFOPLIST_KEY_UIStatusBarStyle[sdk=iphoneos*]" = UIStatusBarStyleDefault;
				"INFOPLIST_KEY_UIStatusBarStyle[sdk=iphonesimulator*]" = UIStatusBarStyleDefault;
				INFOPLIST_KEY_UISupportedInterfaceOrientations = UIInterfaceOrientationPortrait;
				IPHONEOS_DEPLOYMENT_TARGET = 17.2;
				LD_RUNPATH_SEARCH_PATHS = "@executable_path/Frameworks";
				"LD_RUNPATH_SEARCH_PATHS[sdk=macosx*]" = "@executable_path/../Frameworks";
				MACOSX_DEPLOYMENT_TARGET = 14.0;
				MARKETING_VERSION = 1.0;
				PRODUCT_BUNDLE_IDENTIFIER = com.artemvaliev.Money;
				PRODUCT_NAME = "$(TARGET_NAME)";
				SDKROOT = auto;
				SUPPORTED_PLATFORMS = "iphoneos iphonesimulator";
				SUPPORTS_MACCATALYST = NO;
				SUPPORTS_MAC_DESIGNED_FOR_IPHONE_IPAD = YES;
				SWIFT_EMIT_LOC_STRINGS = YES;
				SWIFT_STRICT_CONCURRENCY = complete;
				SWIFT_VERSION = 5.0;
				TARGETED_DEVICE_FAMILY = "1,2";
			};
			name = Release;
		};
		AC4080DE2B8E34AD004D7575 /* Debug */ = {
			isa = XCBuildConfiguration;
			buildSettings = {
				ALWAYS_EMBED_SWIFT_STANDARD_LIBRARIES = YES;
				BUNDLE_LOADER = "$(TEST_HOST)";
				CODE_SIGN_STYLE = Automatic;
				CURRENT_PROJECT_VERSION = 1;
				DEAD_CODE_STRIPPING = YES;
				DEVELOPMENT_TEAM = YZ7WQPG9RM;
				GENERATE_INFOPLIST_FILE = YES;
				IPHONEOS_DEPLOYMENT_TARGET = 17.2;
				MACOSX_DEPLOYMENT_TARGET = 14.1;
				MARKETING_VERSION = 1.0;
				PRODUCT_BUNDLE_IDENTIFIER = com.artemvaliev.MoneyTests;
				PRODUCT_NAME = "$(TARGET_NAME)";
				SDKROOT = auto;
				SUPPORTED_PLATFORMS = "iphoneos iphonesimulator macosx";
				SWIFT_EMIT_LOC_STRINGS = NO;
				SWIFT_VERSION = 5.0;
				TARGETED_DEVICE_FAMILY = "1,2";
				TEST_HOST = "$(BUILT_PRODUCTS_DIR)/Money.app/$(BUNDLE_EXECUTABLE_FOLDER_PATH)/Money";
			};
			name = Debug;
		};
		AC4080DF2B8E34AD004D7575 /* Release */ = {
			isa = XCBuildConfiguration;
			buildSettings = {
				ALWAYS_EMBED_SWIFT_STANDARD_LIBRARIES = YES;
				BUNDLE_LOADER = "$(TEST_HOST)";
				CODE_SIGN_STYLE = Automatic;
				CURRENT_PROJECT_VERSION = 1;
				DEAD_CODE_STRIPPING = YES;
				DEVELOPMENT_TEAM = YZ7WQPG9RM;
				GENERATE_INFOPLIST_FILE = YES;
				IPHONEOS_DEPLOYMENT_TARGET = 17.2;
				MACOSX_DEPLOYMENT_TARGET = 14.1;
				MARKETING_VERSION = 1.0;
				PRODUCT_BUNDLE_IDENTIFIER = com.artemvaliev.MoneyTests;
				PRODUCT_NAME = "$(TARGET_NAME)";
				SDKROOT = auto;
				SUPPORTED_PLATFORMS = "iphoneos iphonesimulator macosx";
				SWIFT_EMIT_LOC_STRINGS = NO;
				SWIFT_VERSION = 5.0;
				TARGETED_DEVICE_FAMILY = "1,2";
				TEST_HOST = "$(BUILT_PRODUCTS_DIR)/Money.app/$(BUNDLE_EXECUTABLE_FOLDER_PATH)/Money";
			};
			name = Release;
		};
		AC4080E12B8E34AD004D7575 /* Debug */ = {
			isa = XCBuildConfiguration;
			buildSettings = {
				ALWAYS_EMBED_SWIFT_STANDARD_LIBRARIES = YES;
				CODE_SIGN_STYLE = Automatic;
				CURRENT_PROJECT_VERSION = 1;
				DEAD_CODE_STRIPPING = YES;
				DEVELOPMENT_TEAM = YZ7WQPG9RM;
				GENERATE_INFOPLIST_FILE = YES;
				IPHONEOS_DEPLOYMENT_TARGET = 17.2;
				MACOSX_DEPLOYMENT_TARGET = 14.1;
				MARKETING_VERSION = 1.0;
				PRODUCT_BUNDLE_IDENTIFIER = com.artemvaliev.MoneyUITests;
				PRODUCT_NAME = "$(TARGET_NAME)";
				SDKROOT = auto;
				SUPPORTED_PLATFORMS = "iphoneos iphonesimulator macosx";
				SWIFT_EMIT_LOC_STRINGS = NO;
				SWIFT_VERSION = 5.0;
				TARGETED_DEVICE_FAMILY = "1,2";
				TEST_TARGET_NAME = Money;
			};
			name = Debug;
		};
		AC4080E22B8E34AD004D7575 /* Release */ = {
			isa = XCBuildConfiguration;
			buildSettings = {
				ALWAYS_EMBED_SWIFT_STANDARD_LIBRARIES = YES;
				CODE_SIGN_STYLE = Automatic;
				CURRENT_PROJECT_VERSION = 1;
				DEAD_CODE_STRIPPING = YES;
				DEVELOPMENT_TEAM = YZ7WQPG9RM;
				GENERATE_INFOPLIST_FILE = YES;
				IPHONEOS_DEPLOYMENT_TARGET = 17.2;
				MACOSX_DEPLOYMENT_TARGET = 14.1;
				MARKETING_VERSION = 1.0;
				PRODUCT_BUNDLE_IDENTIFIER = com.artemvaliev.MoneyUITests;
				PRODUCT_NAME = "$(TARGET_NAME)";
				SDKROOT = auto;
				SUPPORTED_PLATFORMS = "iphoneos iphonesimulator macosx";
				SWIFT_EMIT_LOC_STRINGS = NO;
				SWIFT_VERSION = 5.0;
				TARGETED_DEVICE_FAMILY = "1,2";
				TEST_TARGET_NAME = Money;
			};
			name = Release;
		};
		AC683A2D2C57374F00678B6F /* Debug */ = {
			isa = XCBuildConfiguration;
			buildSettings = {
				ASSETCATALOG_COMPILER_GLOBAL_ACCENT_COLOR_NAME = AccentColor;
				ASSETCATALOG_COMPILER_WIDGET_BACKGROUND_COLOR_NAME = WidgetBackground;
				CODE_SIGN_STYLE = Automatic;
				CURRENT_PROJECT_VERSION = 1;
				DEVELOPMENT_TEAM = YZ7WQPG9RM;
				GENERATE_INFOPLIST_FILE = YES;
				INFOPLIST_FILE = MoneyWidget/Info.plist;
				INFOPLIST_KEY_CFBundleDisplayName = MoneyWidget;
				INFOPLIST_KEY_NSHumanReadableCopyright = "";
				IPHONEOS_DEPLOYMENT_TARGET = 17.5;
				LD_RUNPATH_SEARCH_PATHS = (
					"$(inherited)",
					"@executable_path/Frameworks",
					"@executable_path/../../Frameworks",
				);
				MARKETING_VERSION = 1.0;
				PRODUCT_BUNDLE_IDENTIFIER = com.artemvaliev.Money.MoneyWidget;
				PRODUCT_NAME = "$(TARGET_NAME)";
				SDKROOT = iphoneos;
				SKIP_INSTALL = YES;
				SWIFT_EMIT_LOC_STRINGS = YES;
				SWIFT_VERSION = 5.0;
				TARGETED_DEVICE_FAMILY = "1,2";
			};
			name = Debug;
		};
		AC683A2E2C57374F00678B6F /* Release */ = {
			isa = XCBuildConfiguration;
			buildSettings = {
				ASSETCATALOG_COMPILER_GLOBAL_ACCENT_COLOR_NAME = AccentColor;
				ASSETCATALOG_COMPILER_WIDGET_BACKGROUND_COLOR_NAME = WidgetBackground;
				CODE_SIGN_STYLE = Automatic;
				CURRENT_PROJECT_VERSION = 1;
				DEVELOPMENT_TEAM = YZ7WQPG9RM;
				GENERATE_INFOPLIST_FILE = YES;
				INFOPLIST_FILE = MoneyWidget/Info.plist;
				INFOPLIST_KEY_CFBundleDisplayName = MoneyWidget;
				INFOPLIST_KEY_NSHumanReadableCopyright = "";
				IPHONEOS_DEPLOYMENT_TARGET = 17.5;
				LD_RUNPATH_SEARCH_PATHS = (
					"$(inherited)",
					"@executable_path/Frameworks",
					"@executable_path/../../Frameworks",
				);
				MARKETING_VERSION = 1.0;
				PRODUCT_BUNDLE_IDENTIFIER = com.artemvaliev.Money.MoneyWidget;
				PRODUCT_NAME = "$(TARGET_NAME)";
				SDKROOT = iphoneos;
				SKIP_INSTALL = YES;
				SWIFT_EMIT_LOC_STRINGS = YES;
				SWIFT_VERSION = 5.0;
				TARGETED_DEVICE_FAMILY = "1,2";
				VALIDATE_PRODUCT = YES;
			};
			name = Release;
		};
/* End XCBuildConfiguration section */

/* Begin XCConfigurationList section */
		AC4080AD2B8E34AB004D7575 /* Build configuration list for PBXProject "Money" */ = {
			isa = XCConfigurationList;
			buildConfigurations = (
				AC4080D82B8E34AD004D7575 /* Debug */,
				AC4080D92B8E34AD004D7575 /* Release */,
			);
			defaultConfigurationIsVisible = 0;
			defaultConfigurationName = Release;
		};
		AC4080DA2B8E34AD004D7575 /* Build configuration list for PBXNativeTarget "Money" */ = {
			isa = XCConfigurationList;
			buildConfigurations = (
				AC4080DB2B8E34AD004D7575 /* Debug */,
				AC4080DC2B8E34AD004D7575 /* Release */,
			);
			defaultConfigurationIsVisible = 0;
			defaultConfigurationName = Release;
		};
		AC4080DD2B8E34AD004D7575 /* Build configuration list for PBXNativeTarget "MoneyTests" */ = {
			isa = XCConfigurationList;
			buildConfigurations = (
				AC4080DE2B8E34AD004D7575 /* Debug */,
				AC4080DF2B8E34AD004D7575 /* Release */,
			);
			defaultConfigurationIsVisible = 0;
			defaultConfigurationName = Release;
		};
		AC4080E02B8E34AD004D7575 /* Build configuration list for PBXNativeTarget "MoneyUITests" */ = {
			isa = XCConfigurationList;
			buildConfigurations = (
				AC4080E12B8E34AD004D7575 /* Debug */,
				AC4080E22B8E34AD004D7575 /* Release */,
			);
			defaultConfigurationIsVisible = 0;
			defaultConfigurationName = Release;
		};
		AC683A2C2C57374F00678B6F /* Build configuration list for PBXNativeTarget "MoneyWidgetExtension" */ = {
			isa = XCConfigurationList;
			buildConfigurations = (
				AC683A2D2C57374F00678B6F /* Debug */,
				AC683A2E2C57374F00678B6F /* Release */,
			);
			defaultConfigurationIsVisible = 0;
			defaultConfigurationName = Release;
		};
/* End XCConfigurationList section */

/* Begin XCLocalSwiftPackageReference section */
		AC5C0E412C4C055500BF90E1 /* XCLocalSwiftPackageReference "Money/DataProvider" */ = {
			isa = XCLocalSwiftPackageReference;
			relativePath = Money/DataProvider;
		};
/* End XCLocalSwiftPackageReference section */

/* Begin XCRemoteSwiftPackageReference section */
		AC6642622C43E8DA00B1FA00 /* XCRemoteSwiftPackageReference "swift-testing" */ = {
			isa = XCRemoteSwiftPackageReference;
			repositoryURL = "https://github.com/apple/swift-testing";
			requirement = {
				kind = versionRange;
				maximumVersion = 2.0.0;
				minimumVersion = 0.10.0;
			};
		};
		AC715A8D2C3D529A007EB2E5 /* XCRemoteSwiftPackageReference "swift-algorithms" */ = {
			isa = XCRemoteSwiftPackageReference;
			repositoryURL = "https://github.com/apple/swift-algorithms.git";
			requirement = {
				kind = upToNextMajorVersion;
				minimumVersion = 1.2.0;
			};
		};
/* End XCRemoteSwiftPackageReference section */

/* Begin XCSwiftPackageProductDependency section */
		AC5C0E422C4C055500BF90E1 /* DataProvider */ = {
			isa = XCSwiftPackageProductDependency;
			productName = DataProvider;
		};
		AC6642632C43EEFC00B1FA00 /* Testing */ = {
			isa = XCSwiftPackageProductDependency;
			package = AC6642622C43E8DA00B1FA00 /* XCRemoteSwiftPackageReference "swift-testing" */;
			productName = Testing;
		};
/* End XCSwiftPackageProductDependency section */
	};
	rootObject = AC4080AA2B8E34AB004D7575 /* Project object */;
}
