// !$*UTF8*$!
{
	archiveVersion = 1;
	classes = {
	};
	objectVersion = 56;
	objects = {

/* Begin PBXBuildFile section */
		AC031EDF2B918644006A3A8C /* CircleType.swift in Sources */ = {isa = PBXBuildFile; fileRef = AC031EDE2B918644006A3A8C /* CircleType.swift */; };
		AC031EE12B918684006A3A8C /* CircleItem.swift in Sources */ = {isa = PBXBuildFile; fileRef = AC031EE02B918684006A3A8C /* CircleItem.swift */; };
		AC031EE32B91892B006A3A8C /* DraggableCircleState.swift in Sources */ = {isa = PBXBuildFile; fileRef = AC031EE22B91892B006A3A8C /* DraggableCircleState.swift */; };
		AC031EE52B918A11006A3A8C /* DragGesture.swift in Sources */ = {isa = PBXBuildFile; fileRef = AC031EE42B918A11006A3A8C /* DragGesture.swift */; };
		AC031EE72B919087006A3A8C /* DraggableCircleViewModel.swift in Sources */ = {isa = PBXBuildFile; fileRef = AC031EE62B919087006A3A8C /* DraggableCircleViewModel.swift */; };
		AC4080B62B8E34AB004D7575 /* MoneyApp.swift in Sources */ = {isa = PBXBuildFile; fileRef = AC4080B52B8E34AB004D7575 /* MoneyApp.swift */; };
		AC4080B82B8E34AB004D7575 /* ContentView.swift in Sources */ = {isa = PBXBuildFile; fileRef = AC4080B72B8E34AB004D7575 /* ContentView.swift */; };
		AC4080BA2B8E34AB004D7575 /* Item.swift in Sources */ = {isa = PBXBuildFile; fileRef = AC4080B92B8E34AB004D7575 /* Item.swift */; };
		AC4080BC2B8E34AD004D7575 /* Assets.xcassets in Resources */ = {isa = PBXBuildFile; fileRef = AC4080BB2B8E34AD004D7575 /* Assets.xcassets */; };
		AC4080C02B8E34AD004D7575 /* Preview Assets.xcassets in Resources */ = {isa = PBXBuildFile; fileRef = AC4080BF2B8E34AD004D7575 /* Preview Assets.xcassets */; };
		AC4080CB2B8E34AD004D7575 /* MoneyTests.swift in Sources */ = {isa = PBXBuildFile; fileRef = AC4080CA2B8E34AD004D7575 /* MoneyTests.swift */; };
		AC4080D52B8E34AD004D7575 /* MoneyUITests.swift in Sources */ = {isa = PBXBuildFile; fileRef = AC4080D42B8E34AD004D7575 /* MoneyUITests.swift */; };
		AC4080D72B8E34AD004D7575 /* MoneyUITestsLaunchTests.swift in Sources */ = {isa = PBXBuildFile; fileRef = AC4080D62B8E34AD004D7575 /* MoneyUITestsLaunchTests.swift */; };
		ACA3AF302B92DF5B00403538 /* CalculatorButtonView.swift in Sources */ = {isa = PBXBuildFile; fileRef = ACA3AF2F2B92DF5B00403538 /* CalculatorButtonView.swift */; };
		ACA3AF322B930DAB00403538 /* CalculatorButton.swift in Sources */ = {isa = PBXBuildFile; fileRef = ACA3AF312B930DAB00403538 /* CalculatorButton.swift */; };
		ACA3AF342B9319A900403538 /* PresentingType.swift in Sources */ = {isa = PBXBuildFile; fileRef = ACA3AF332B9319A900403538 /* PresentingType.swift */; };
		ACA3AF392B932FB800403538 /* NewAccountView.swift in Sources */ = {isa = PBXBuildFile; fileRef = ACA3AF382B932FB800403538 /* NewAccountView.swift */; };
		ACA3AF442B933A2A00403538 /* MCEmojiPicker in Frameworks */ = {isa = PBXBuildFile; productRef = ACA3AF432B933A2A00403538 /* MCEmojiPicker */; };
		ACA3AF462B933DAA00403538 /* EnterAmountView.swift in Sources */ = {isa = PBXBuildFile; fileRef = ACA3AF452B933DAA00403538 /* EnterAmountView.swift */; };
		ACA3AF482B9342E100403538 /* DoneButtonStyle.swift in Sources */ = {isa = PBXBuildFile; fileRef = ACA3AF472B9342E100403538 /* DoneButtonStyle.swift */; };
		ACA3AF4A2B93515600403538 /* NewCategoryView.swift in Sources */ = {isa = PBXBuildFile; fileRef = ACA3AF492B93515600403538 /* NewCategoryView.swift */; };
		ACA3AF4C2B93677900403538 /* Screenshot 2024-03-02 at 19.09.39.png in Resources */ = {isa = PBXBuildFile; fileRef = ACA3AF4B2B93677900403538 /* Screenshot 2024-03-02 at 19.09.39.png */; };
		ACA3AF4E2B9368BF00403538 /* StillCircleState.swift in Sources */ = {isa = PBXBuildFile; fileRef = ACA3AF4D2B9368BF00403538 /* StillCircleState.swift */; };
		ACD4C93F2B8F09F00087F632 /* Dashboard.swift in Sources */ = {isa = PBXBuildFile; fileRef = ACD4C93E2B8F09F00087F632 /* Dashboard.swift */; };
		ACD4C9412B8F2A950087F632 /* test.swift in Sources */ = {isa = PBXBuildFile; fileRef = ACD4C9402B8F2A950087F632 /* test.swift */; };
		ACD4C9432B8F41410087F632 /* PlusButton.swift in Sources */ = {isa = PBXBuildFile; fileRef = ACD4C9422B8F41410087F632 /* PlusButton.swift */; };
		ACD4C9452B8F421E0087F632 /* DraggableCircle.swift in Sources */ = {isa = PBXBuildFile; fileRef = ACD4C9442B8F421E0087F632 /* DraggableCircle.swift */; };
		ACD4C9472B8F636E0087F632 /* GetLocationModifier.swift in Sources */ = {isa = PBXBuildFile; fileRef = ACD4C9462B8F636E0087F632 /* GetLocationModifier.swift */; };
		ACD4C9492B8F73970087F632 /* MockData.swift in Sources */ = {isa = PBXBuildFile; fileRef = ACD4C9482B8F73970087F632 /* MockData.swift */; };
		ACF62B002B91E61A002CB75D /* DropableView.swift in Sources */ = {isa = PBXBuildFile; fileRef = ACF62AFF2B91E61A002CB75D /* DropableView.swift */; };
		ACF62B022B91EB09002CB75D /* ActionSheetView.swift in Sources */ = {isa = PBXBuildFile; fileRef = ACF62B012B91EB09002CB75D /* ActionSheetView.swift */; };
		ACF62B0B2B9225BB002CB75D /* CalculatorView.swift in Sources */ = {isa = PBXBuildFile; fileRef = ACF62B0A2B9225BB002CB75D /* CalculatorView.swift */; };
/* End PBXBuildFile section */

/* Begin PBXContainerItemProxy section */
		AC4080C72B8E34AD004D7575 /* PBXContainerItemProxy */ = {
			isa = PBXContainerItemProxy;
			containerPortal = AC4080AA2B8E34AB004D7575 /* Project object */;
			proxyType = 1;
			remoteGlobalIDString = AC4080B12B8E34AB004D7575;
			remoteInfo = Money;
		};
		AC4080D12B8E34AD004D7575 /* PBXContainerItemProxy */ = {
			isa = PBXContainerItemProxy;
			containerPortal = AC4080AA2B8E34AB004D7575 /* Project object */;
			proxyType = 1;
			remoteGlobalIDString = AC4080B12B8E34AB004D7575;
			remoteInfo = Money;
		};
/* End PBXContainerItemProxy section */

/* Begin PBXFileReference section */
		AC031EDE2B918644006A3A8C /* CircleType.swift */ = {isa = PBXFileReference; lastKnownFileType = sourcecode.swift; path = CircleType.swift; sourceTree = "<group>"; };
		AC031EE02B918684006A3A8C /* CircleItem.swift */ = {isa = PBXFileReference; lastKnownFileType = sourcecode.swift; path = CircleItem.swift; sourceTree = "<group>"; };
		AC031EE22B91892B006A3A8C /* DraggableCircleState.swift */ = {isa = PBXFileReference; lastKnownFileType = sourcecode.swift; path = DraggableCircleState.swift; sourceTree = "<group>"; };
		AC031EE42B918A11006A3A8C /* DragGesture.swift */ = {isa = PBXFileReference; lastKnownFileType = sourcecode.swift; path = DragGesture.swift; sourceTree = "<group>"; };
		AC031EE62B919087006A3A8C /* DraggableCircleViewModel.swift */ = {isa = PBXFileReference; lastKnownFileType = sourcecode.swift; path = DraggableCircleViewModel.swift; sourceTree = "<group>"; };
		AC4080B22B8E34AB004D7575 /* Money.app */ = {isa = PBXFileReference; explicitFileType = wrapper.application; includeInIndex = 0; path = Money.app; sourceTree = BUILT_PRODUCTS_DIR; };
		AC4080B52B8E34AB004D7575 /* MoneyApp.swift */ = {isa = PBXFileReference; lastKnownFileType = sourcecode.swift; path = MoneyApp.swift; sourceTree = "<group>"; };
		AC4080B72B8E34AB004D7575 /* ContentView.swift */ = {isa = PBXFileReference; lastKnownFileType = sourcecode.swift; path = ContentView.swift; sourceTree = "<group>"; };
		AC4080B92B8E34AB004D7575 /* Item.swift */ = {isa = PBXFileReference; lastKnownFileType = sourcecode.swift; path = Item.swift; sourceTree = "<group>"; };
		AC4080BB2B8E34AD004D7575 /* Assets.xcassets */ = {isa = PBXFileReference; lastKnownFileType = folder.assetcatalog; path = Assets.xcassets; sourceTree = "<group>"; };
		AC4080BD2B8E34AD004D7575 /* Money.entitlements */ = {isa = PBXFileReference; lastKnownFileType = text.plist.entitlements; path = Money.entitlements; sourceTree = "<group>"; };
		AC4080BF2B8E34AD004D7575 /* Preview Assets.xcassets */ = {isa = PBXFileReference; lastKnownFileType = folder.assetcatalog; path = "Preview Assets.xcassets"; sourceTree = "<group>"; };
		AC4080C12B8E34AD004D7575 /* Info.plist */ = {isa = PBXFileReference; lastKnownFileType = text.plist.xml; path = Info.plist; sourceTree = "<group>"; };
		AC4080C62B8E34AD004D7575 /* MoneyTests.xctest */ = {isa = PBXFileReference; explicitFileType = wrapper.cfbundle; includeInIndex = 0; path = MoneyTests.xctest; sourceTree = BUILT_PRODUCTS_DIR; };
		AC4080CA2B8E34AD004D7575 /* MoneyTests.swift */ = {isa = PBXFileReference; lastKnownFileType = sourcecode.swift; path = MoneyTests.swift; sourceTree = "<group>"; };
		AC4080D02B8E34AD004D7575 /* MoneyUITests.xctest */ = {isa = PBXFileReference; explicitFileType = wrapper.cfbundle; includeInIndex = 0; path = MoneyUITests.xctest; sourceTree = BUILT_PRODUCTS_DIR; };
		AC4080D42B8E34AD004D7575 /* MoneyUITests.swift */ = {isa = PBXFileReference; lastKnownFileType = sourcecode.swift; path = MoneyUITests.swift; sourceTree = "<group>"; };
		AC4080D62B8E34AD004D7575 /* MoneyUITestsLaunchTests.swift */ = {isa = PBXFileReference; lastKnownFileType = sourcecode.swift; path = MoneyUITestsLaunchTests.swift; sourceTree = "<group>"; };
		ACA3AF2F2B92DF5B00403538 /* CalculatorButtonView.swift */ = {isa = PBXFileReference; lastKnownFileType = sourcecode.swift; path = CalculatorButtonView.swift; sourceTree = "<group>"; };
		ACA3AF312B930DAB00403538 /* CalculatorButton.swift */ = {isa = PBXFileReference; lastKnownFileType = sourcecode.swift; path = CalculatorButton.swift; sourceTree = "<group>"; };
		ACA3AF332B9319A900403538 /* PresentingType.swift */ = {isa = PBXFileReference; lastKnownFileType = sourcecode.swift; path = PresentingType.swift; sourceTree = "<group>"; };
		ACA3AF382B932FB800403538 /* NewAccountView.swift */ = {isa = PBXFileReference; lastKnownFileType = sourcecode.swift; path = NewAccountView.swift; sourceTree = "<group>"; };
		ACA3AF452B933DAA00403538 /* EnterAmountView.swift */ = {isa = PBXFileReference; lastKnownFileType = sourcecode.swift; path = EnterAmountView.swift; sourceTree = "<group>"; };
		ACA3AF472B9342E100403538 /* DoneButtonStyle.swift */ = {isa = PBXFileReference; lastKnownFileType = sourcecode.swift; path = DoneButtonStyle.swift; sourceTree = "<group>"; };
		ACA3AF492B93515600403538 /* NewCategoryView.swift */ = {isa = PBXFileReference; lastKnownFileType = sourcecode.swift; path = NewCategoryView.swift; sourceTree = "<group>"; };
		ACA3AF4B2B93677900403538 /* Screenshot 2024-03-02 at 19.09.39.png */ = {isa = PBXFileReference; lastKnownFileType = image.png; path = "Screenshot 2024-03-02 at 19.09.39.png"; sourceTree = "<group>"; };
		ACA3AF4D2B9368BF00403538 /* StillCircleState.swift */ = {isa = PBXFileReference; lastKnownFileType = sourcecode.swift; path = StillCircleState.swift; sourceTree = "<group>"; };
		ACD4C93E2B8F09F00087F632 /* Dashboard.swift */ = {isa = PBXFileReference; lastKnownFileType = sourcecode.swift; path = Dashboard.swift; sourceTree = "<group>"; };
		ACD4C9402B8F2A950087F632 /* test.swift */ = {isa = PBXFileReference; lastKnownFileType = sourcecode.swift; path = test.swift; sourceTree = "<group>"; };
		ACD4C9422B8F41410087F632 /* PlusButton.swift */ = {isa = PBXFileReference; lastKnownFileType = sourcecode.swift; path = PlusButton.swift; sourceTree = "<group>"; };
		ACD4C9442B8F421E0087F632 /* DraggableCircle.swift */ = {isa = PBXFileReference; lastKnownFileType = sourcecode.swift; path = DraggableCircle.swift; sourceTree = "<group>"; };
		ACD4C9462B8F636E0087F632 /* GetLocationModifier.swift */ = {isa = PBXFileReference; lastKnownFileType = sourcecode.swift; path = GetLocationModifier.swift; sourceTree = "<group>"; };
		ACD4C9482B8F73970087F632 /* MockData.swift */ = {isa = PBXFileReference; lastKnownFileType = sourcecode.swift; path = MockData.swift; sourceTree = "<group>"; };
		ACF62AFF2B91E61A002CB75D /* DropableView.swift */ = {isa = PBXFileReference; lastKnownFileType = sourcecode.swift; path = DropableView.swift; sourceTree = "<group>"; };
		ACF62B012B91EB09002CB75D /* ActionSheetView.swift */ = {isa = PBXFileReference; lastKnownFileType = sourcecode.swift; path = ActionSheetView.swift; sourceTree = "<group>"; };
		ACF62B0A2B9225BB002CB75D /* CalculatorView.swift */ = {isa = PBXFileReference; lastKnownFileType = sourcecode.swift; path = CalculatorView.swift; sourceTree = "<group>"; };
/* End PBXFileReference section */

/* Begin PBXFrameworksBuildPhase section */
		AC4080AF2B8E34AB004D7575 /* Frameworks */ = {
			isa = PBXFrameworksBuildPhase;
			buildActionMask = 2147483647;
			files = (
				ACA3AF442B933A2A00403538 /* MCEmojiPicker in Frameworks */,
			);
			runOnlyForDeploymentPostprocessing = 0;
		};
		AC4080C32B8E34AD004D7575 /* Frameworks */ = {
			isa = PBXFrameworksBuildPhase;
			buildActionMask = 2147483647;
			files = (
			);
			runOnlyForDeploymentPostprocessing = 0;
		};
		AC4080CD2B8E34AD004D7575 /* Frameworks */ = {
			isa = PBXFrameworksBuildPhase;
			buildActionMask = 2147483647;
			files = (
			);
			runOnlyForDeploymentPostprocessing = 0;
		};
/* End PBXFrameworksBuildPhase section */

/* Begin PBXGroup section */
		AC031EDD2B91863B006A3A8C /* Models */ = {
			isa = PBXGroup;
			children = (
				AC031EE02B918684006A3A8C /* CircleItem.swift */,
				AC031EDE2B918644006A3A8C /* CircleType.swift */,
				AC031EE22B91892B006A3A8C /* DraggableCircleState.swift */,
				ACA3AF4D2B9368BF00403538 /* StillCircleState.swift */,
				ACA3AF312B930DAB00403538 /* CalculatorButton.swift */,
				ACA3AF332B9319A900403538 /* PresentingType.swift */,
			);
			path = Models;
			sourceTree = "<group>";
		};
		AC031EE82B9190A6006A3A8C /* Views */ = {
			isa = PBXGroup;
			children = (
				ACD4C93E2B8F09F00087F632 /* Dashboard.swift */,
				ACD4C9442B8F421E0087F632 /* DraggableCircle.swift */,
				ACD4C9422B8F41410087F632 /* PlusButton.swift */,
				ACF62AFF2B91E61A002CB75D /* DropableView.swift */,
				ACA3AF472B9342E100403538 /* DoneButtonStyle.swift */,
				ACA3AF352B932F9100403538 /* Sheets */,
				ACF62B0A2B9225BB002CB75D /* CalculatorView.swift */,
				ACA3AF2F2B92DF5B00403538 /* CalculatorButtonView.swift */,
			);
			path = Views;
			sourceTree = "<group>";
		};
		AC4080A92B8E34AB004D7575 = {
			isa = PBXGroup;
			children = (
				AC4080B42B8E34AB004D7575 /* Money */,
				AC4080C92B8E34AD004D7575 /* MoneyTests */,
				AC4080D32B8E34AD004D7575 /* MoneyUITests */,
				AC4080B32B8E34AB004D7575 /* Products */,
			);
			sourceTree = "<group>";
		};
		AC4080B32B8E34AB004D7575 /* Products */ = {
			isa = PBXGroup;
			children = (
				AC4080B22B8E34AB004D7575 /* Money.app */,
				AC4080C62B8E34AD004D7575 /* MoneyTests.xctest */,
				AC4080D02B8E34AD004D7575 /* MoneyUITests.xctest */,
			);
			name = Products;
			sourceTree = "<group>";
		};
		AC4080B42B8E34AB004D7575 /* Money */ = {
			isa = PBXGroup;
			children = (
				AC031EDD2B91863B006A3A8C /* Models */,
				AC031EE82B9190A6006A3A8C /* Views */,
				AC031EE62B919087006A3A8C /* DraggableCircleViewModel.swift */,
				AC031EE42B918A11006A3A8C /* DragGesture.swift */,
				ACD4C9462B8F636E0087F632 /* GetLocationModifier.swift */,
				AC4080B52B8E34AB004D7575 /* MoneyApp.swift */,
				AC4080B72B8E34AB004D7575 /* ContentView.swift */,
				ACD4C9482B8F73970087F632 /* MockData.swift */,
				AC4080B92B8E34AB004D7575 /* Item.swift */,
				ACD4C9402B8F2A950087F632 /* test.swift */,
				AC4080BB2B8E34AD004D7575 /* Assets.xcassets */,
				AC4080BD2B8E34AD004D7575 /* Money.entitlements */,
				ACA3AF4B2B93677900403538 /* Screenshot 2024-03-02 at 19.09.39.png */,
				AC4080C12B8E34AD004D7575 /* Info.plist */,
				AC4080BE2B8E34AD004D7575 /* Preview Content */,
			);
			path = Money;
			sourceTree = "<group>";
		};
		AC4080BE2B8E34AD004D7575 /* Preview Content */ = {
			isa = PBXGroup;
			children = (
				AC4080BF2B8E34AD004D7575 /* Preview Assets.xcassets */,
			);
			path = "Preview Content";
			sourceTree = "<group>";
		};
		AC4080C92B8E34AD004D7575 /* MoneyTests */ = {
			isa = PBXGroup;
			children = (
				AC4080CA2B8E34AD004D7575 /* MoneyTests.swift */,
			);
			path = MoneyTests;
			sourceTree = "<group>";
		};
		AC4080D32B8E34AD004D7575 /* MoneyUITests */ = {
			isa = PBXGroup;
			children = (
				AC4080D42B8E34AD004D7575 /* MoneyUITests.swift */,
				AC4080D62B8E34AD004D7575 /* MoneyUITestsLaunchTests.swift */,
			);
			path = MoneyUITests;
			sourceTree = "<group>";
		};
		ACA3AF352B932F9100403538 /* Sheets */ = {
			isa = PBXGroup;
			children = (
				ACF62B012B91EB09002CB75D /* ActionSheetView.swift */,
				ACA3AF382B932FB800403538 /* NewAccountView.swift */,
				ACA3AF492B93515600403538 /* NewCategoryView.swift */,
				ACA3AF452B933DAA00403538 /* EnterAmountView.swift */,
			);
			path = Sheets;
			sourceTree = "<group>";
		};
/* End PBXGroup section */

/* Begin PBXNativeTarget section */
		AC4080B12B8E34AB004D7575 /* Money */ = {
			isa = PBXNativeTarget;
			buildConfigurationList = AC4080DA2B8E34AD004D7575 /* Build configuration list for PBXNativeTarget "Money" */;
			buildPhases = (
				AC4080AE2B8E34AB004D7575 /* Sources */,
				AC4080AF2B8E34AB004D7575 /* Frameworks */,
				AC4080B02B8E34AB004D7575 /* Resources */,
			);
			buildRules = (
			);
			dependencies = (
			);
			name = Money;
			packageProductDependencies = (
				ACA3AF432B933A2A00403538 /* MCEmojiPicker */,
			);
			productName = Money;
			productReference = AC4080B22B8E34AB004D7575 /* Money.app */;
			productType = "com.apple.product-type.application";
		};
		AC4080C52B8E34AD004D7575 /* MoneyTests */ = {
			isa = PBXNativeTarget;
			buildConfigurationList = AC4080DD2B8E34AD004D7575 /* Build configuration list for PBXNativeTarget "MoneyTests" */;
			buildPhases = (
				AC4080C22B8E34AD004D7575 /* Sources */,
				AC4080C32B8E34AD004D7575 /* Frameworks */,
				AC4080C42B8E34AD004D7575 /* Resources */,
			);
			buildRules = (
			);
			dependencies = (
				AC4080C82B8E34AD004D7575 /* PBXTargetDependency */,
			);
			name = MoneyTests;
			productName = MoneyTests;
			productReference = AC4080C62B8E34AD004D7575 /* MoneyTests.xctest */;
			productType = "com.apple.product-type.bundle.unit-test";
		};
		AC4080CF2B8E34AD004D7575 /* MoneyUITests */ = {
			isa = PBXNativeTarget;
			buildConfigurationList = AC4080E02B8E34AD004D7575 /* Build configuration list for PBXNativeTarget "MoneyUITests" */;
			buildPhases = (
				AC4080CC2B8E34AD004D7575 /* Sources */,
				AC4080CD2B8E34AD004D7575 /* Frameworks */,
				AC4080CE2B8E34AD004D7575 /* Resources */,
			);
			buildRules = (
			);
			dependencies = (
				AC4080D22B8E34AD004D7575 /* PBXTargetDependency */,
			);
			name = MoneyUITests;
			productName = MoneyUITests;
			productReference = AC4080D02B8E34AD004D7575 /* MoneyUITests.xctest */;
			productType = "com.apple.product-type.bundle.ui-testing";
		};
/* End PBXNativeTarget section */

/* Begin PBXProject section */
		AC4080AA2B8E34AB004D7575 /* Project object */ = {
			isa = PBXProject;
			attributes = {
				BuildIndependentTargetsInParallel = 1;
				LastSwiftUpdateCheck = 1520;
				LastUpgradeCheck = 1520;
				TargetAttributes = {
					AC4080B12B8E34AB004D7575 = {
						CreatedOnToolsVersion = 15.2;
					};
					AC4080C52B8E34AD004D7575 = {
						CreatedOnToolsVersion = 15.2;
						TestTargetID = AC4080B12B8E34AB004D7575;
					};
					AC4080CF2B8E34AD004D7575 = {
						CreatedOnToolsVersion = 15.2;
						TestTargetID = AC4080B12B8E34AB004D7575;
					};
				};
			};
			buildConfigurationList = AC4080AD2B8E34AB004D7575 /* Build configuration list for PBXProject "Money" */;
			compatibilityVersion = "Xcode 14.0";
			developmentRegion = en;
			hasScannedForEncodings = 0;
			knownRegions = (
				en,
				Base,
			);
			mainGroup = AC4080A92B8E34AB004D7575;
			packageReferences = (
				ACA3AF422B933A2A00403538 /* XCRemoteSwiftPackageReference "MCEmojiPicker" */,
			);
			productRefGroup = AC4080B32B8E34AB004D7575 /* Products */;
			projectDirPath = "";
			projectRoot = "";
			targets = (
				AC4080B12B8E34AB004D7575 /* Money */,
				AC4080C52B8E34AD004D7575 /* MoneyTests */,
				AC4080CF2B8E34AD004D7575 /* MoneyUITests */,
			);
		};
/* End PBXProject section */

/* Begin PBXResourcesBuildPhase section */
		AC4080B02B8E34AB004D7575 /* Resources */ = {
			isa = PBXResourcesBuildPhase;
			buildActionMask = 2147483647;
			files = (
				AC4080C02B8E34AD004D7575 /* Preview Assets.xcassets in Resources */,
				AC4080BC2B8E34AD004D7575 /* Assets.xcassets in Resources */,
				ACA3AF4C2B93677900403538 /* Screenshot 2024-03-02 at 19.09.39.png in Resources */,
			);
			runOnlyForDeploymentPostprocessing = 0;
		};
		AC4080C42B8E34AD004D7575 /* Resources */ = {
			isa = PBXResourcesBuildPhase;
			buildActionMask = 2147483647;
			files = (
			);
			runOnlyForDeploymentPostprocessing = 0;
		};
		AC4080CE2B8E34AD004D7575 /* Resources */ = {
			isa = PBXResourcesBuildPhase;
			buildActionMask = 2147483647;
			files = (
			);
			runOnlyForDeploymentPostprocessing = 0;
		};
/* End PBXResourcesBuildPhase section */

/* Begin PBXSourcesBuildPhase section */
		AC4080AE2B8E34AB004D7575 /* Sources */ = {
			isa = PBXSourcesBuildPhase;
			buildActionMask = 2147483647;
			files = (
				ACA3AF4E2B9368BF00403538 /* StillCircleState.swift in Sources */,
				ACA3AF482B9342E100403538 /* DoneButtonStyle.swift in Sources */,
				ACD4C9452B8F421E0087F632 /* DraggableCircle.swift in Sources */,
				AC4080B82B8E34AB004D7575 /* ContentView.swift in Sources */,
				ACD4C9412B8F2A950087F632 /* test.swift in Sources */,
				AC031EE52B918A11006A3A8C /* DragGesture.swift in Sources */,
				ACA3AF392B932FB800403538 /* NewAccountView.swift in Sources */,
				ACD4C93F2B8F09F00087F632 /* Dashboard.swift in Sources */,
				ACD4C9492B8F73970087F632 /* MockData.swift in Sources */,
				ACF62B002B91E61A002CB75D /* DropableView.swift in Sources */,
				ACD4C9472B8F636E0087F632 /* GetLocationModifier.swift in Sources */,
				AC4080BA2B8E34AB004D7575 /* Item.swift in Sources */,
				ACA3AF4A2B93515600403538 /* NewCategoryView.swift in Sources */,
				AC031EE72B919087006A3A8C /* DraggableCircleViewModel.swift in Sources */,
				ACA3AF342B9319A900403538 /* PresentingType.swift in Sources */,
				ACA3AF322B930DAB00403538 /* CalculatorButton.swift in Sources */,
				ACA3AF302B92DF5B00403538 /* CalculatorButtonView.swift in Sources */,
				AC4080B62B8E34AB004D7575 /* MoneyApp.swift in Sources */,
				ACF62B0B2B9225BB002CB75D /* CalculatorView.swift in Sources */,
				ACF62B022B91EB09002CB75D /* ActionSheetView.swift in Sources */,
				ACD4C9432B8F41410087F632 /* PlusButton.swift in Sources */,
				AC031EE12B918684006A3A8C /* CircleItem.swift in Sources */,
				ACA3AF462B933DAA00403538 /* EnterAmountView.swift in Sources */,
				AC031EDF2B918644006A3A8C /* CircleType.swift in Sources */,
				AC031EE32B91892B006A3A8C /* DraggableCircleState.swift in Sources */,
			);
			runOnlyForDeploymentPostprocessing = 0;
		};
		AC4080C22B8E34AD004D7575 /* Sources */ = {
			isa = PBXSourcesBuildPhase;
			buildActionMask = 2147483647;
			files = (
				AC4080CB2B8E34AD004D7575 /* MoneyTests.swift in Sources */,
			);
			runOnlyForDeploymentPostprocessing = 0;
		};
		AC4080CC2B8E34AD004D7575 /* Sources */ = {
			isa = PBXSourcesBuildPhase;
			buildActionMask = 2147483647;
			files = (
				AC4080D52B8E34AD004D7575 /* MoneyUITests.swift in Sources */,
				AC4080D72B8E34AD004D7575 /* MoneyUITestsLaunchTests.swift in Sources */,
			);
			runOnlyForDeploymentPostprocessing = 0;
		};
/* End PBXSourcesBuildPhase section */

/* Begin PBXTargetDependency section */
		AC4080C82B8E34AD004D7575 /* PBXTargetDependency */ = {
			isa = PBXTargetDependency;
			target = AC4080B12B8E34AB004D7575 /* Money */;
			targetProxy = AC4080C72B8E34AD004D7575 /* PBXContainerItemProxy */;
		};
		AC4080D22B8E34AD004D7575 /* PBXTargetDependency */ = {
			isa = PBXTargetDependency;
			target = AC4080B12B8E34AB004D7575 /* Money */;
			targetProxy = AC4080D12B8E34AD004D7575 /* PBXContainerItemProxy */;
		};
/* End PBXTargetDependency section */

/* Begin XCBuildConfiguration section */
		AC4080D82B8E34AD004D7575 /* Debug */ = {
			isa = XCBuildConfiguration;
			buildSettings = {
				ALWAYS_SEARCH_USER_PATHS = NO;
				ASSETCATALOG_COMPILER_GENERATE_SWIFT_ASSET_SYMBOL_EXTENSIONS = YES;
				CLANG_ANALYZER_NONNULL = YES;
				CLANG_ANALYZER_NUMBER_OBJECT_CONVERSION = YES_AGGRESSIVE;
				CLANG_CXX_LANGUAGE_STANDARD = "gnu++20";
				CLANG_ENABLE_MODULES = YES;
				CLANG_ENABLE_OBJC_ARC = YES;
				CLANG_ENABLE_OBJC_WEAK = YES;
				CLANG_WARN_BLOCK_CAPTURE_AUTORELEASING = YES;
				CLANG_WARN_BOOL_CONVERSION = YES;
				CLANG_WARN_COMMA = YES;
				CLANG_WARN_CONSTANT_CONVERSION = YES;
				CLANG_WARN_DEPRECATED_OBJC_IMPLEMENTATIONS = YES;
				CLANG_WARN_DIRECT_OBJC_ISA_USAGE = YES_ERROR;
				CLANG_WARN_DOCUMENTATION_COMMENTS = YES;
				CLANG_WARN_EMPTY_BODY = YES;
				CLANG_WARN_ENUM_CONVERSION = YES;
				CLANG_WARN_INFINITE_RECURSION = YES;
				CLANG_WARN_INT_CONVERSION = YES;
				CLANG_WARN_NON_LITERAL_NULL_CONVERSION = YES;
				CLANG_WARN_OBJC_IMPLICIT_RETAIN_SELF = YES;
				CLANG_WARN_OBJC_LITERAL_CONVERSION = YES;
				CLANG_WARN_OBJC_ROOT_CLASS = YES_ERROR;
				CLANG_WARN_QUOTED_INCLUDE_IN_FRAMEWORK_HEADER = YES;
				CLANG_WARN_RANGE_LOOP_ANALYSIS = YES;
				CLANG_WARN_STRICT_PROTOTYPES = YES;
				CLANG_WARN_SUSPICIOUS_MOVE = YES;
				CLANG_WARN_UNGUARDED_AVAILABILITY = YES_AGGRESSIVE;
				CLANG_WARN_UNREACHABLE_CODE = YES;
				CLANG_WARN__DUPLICATE_METHOD_MATCH = YES;
				COPY_PHASE_STRIP = NO;
				DEBUG_INFORMATION_FORMAT = dwarf;
				ENABLE_STRICT_OBJC_MSGSEND = YES;
				ENABLE_TESTABILITY = YES;
				ENABLE_USER_SCRIPT_SANDBOXING = YES;
				GCC_C_LANGUAGE_STANDARD = gnu17;
				GCC_DYNAMIC_NO_PIC = NO;
				GCC_NO_COMMON_BLOCKS = YES;
				GCC_OPTIMIZATION_LEVEL = 0;
				GCC_PREPROCESSOR_DEFINITIONS = (
					"DEBUG=1",
					"$(inherited)",
				);
				GCC_WARN_64_TO_32_BIT_CONVERSION = YES;
				GCC_WARN_ABOUT_RETURN_TYPE = YES_ERROR;
				GCC_WARN_UNDECLARED_SELECTOR = YES;
				GCC_WARN_UNINITIALIZED_AUTOS = YES_AGGRESSIVE;
				GCC_WARN_UNUSED_FUNCTION = YES;
				GCC_WARN_UNUSED_VARIABLE = YES;
				LOCALIZATION_PREFERS_STRING_CATALOGS = YES;
				MTL_ENABLE_DEBUG_INFO = INCLUDE_SOURCE;
				MTL_FAST_MATH = YES;
				ONLY_ACTIVE_ARCH = YES;
				SWIFT_ACTIVE_COMPILATION_CONDITIONS = "DEBUG $(inherited)";
				SWIFT_OPTIMIZATION_LEVEL = "-Onone";
			};
			name = Debug;
		};
		AC4080D92B8E34AD004D7575 /* Release */ = {
			isa = XCBuildConfiguration;
			buildSettings = {
				ALWAYS_SEARCH_USER_PATHS = NO;
				ASSETCATALOG_COMPILER_GENERATE_SWIFT_ASSET_SYMBOL_EXTENSIONS = YES;
				CLANG_ANALYZER_NONNULL = YES;
				CLANG_ANALYZER_NUMBER_OBJECT_CONVERSION = YES_AGGRESSIVE;
				CLANG_CXX_LANGUAGE_STANDARD = "gnu++20";
				CLANG_ENABLE_MODULES = YES;
				CLANG_ENABLE_OBJC_ARC = YES;
				CLANG_ENABLE_OBJC_WEAK = YES;
				CLANG_WARN_BLOCK_CAPTURE_AUTORELEASING = YES;
				CLANG_WARN_BOOL_CONVERSION = YES;
				CLANG_WARN_COMMA = YES;
				CLANG_WARN_CONSTANT_CONVERSION = YES;
				CLANG_WARN_DEPRECATED_OBJC_IMPLEMENTATIONS = YES;
				CLANG_WARN_DIRECT_OBJC_ISA_USAGE = YES_ERROR;
				CLANG_WARN_DOCUMENTATION_COMMENTS = YES;
				CLANG_WARN_EMPTY_BODY = YES;
				CLANG_WARN_ENUM_CONVERSION = YES;
				CLANG_WARN_INFINITE_RECURSION = YES;
				CLANG_WARN_INT_CONVERSION = YES;
				CLANG_WARN_NON_LITERAL_NULL_CONVERSION = YES;
				CLANG_WARN_OBJC_IMPLICIT_RETAIN_SELF = YES;
				CLANG_WARN_OBJC_LITERAL_CONVERSION = YES;
				CLANG_WARN_OBJC_ROOT_CLASS = YES_ERROR;
				CLANG_WARN_QUOTED_INCLUDE_IN_FRAMEWORK_HEADER = YES;
				CLANG_WARN_RANGE_LOOP_ANALYSIS = YES;
				CLANG_WARN_STRICT_PROTOTYPES = YES;
				CLANG_WARN_SUSPICIOUS_MOVE = YES;
				CLANG_WARN_UNGUARDED_AVAILABILITY = YES_AGGRESSIVE;
				CLANG_WARN_UNREACHABLE_CODE = YES;
				CLANG_WARN__DUPLICATE_METHOD_MATCH = YES;
				COPY_PHASE_STRIP = NO;
				DEBUG_INFORMATION_FORMAT = "dwarf-with-dsym";
				ENABLE_NS_ASSERTIONS = NO;
				ENABLE_STRICT_OBJC_MSGSEND = YES;
				ENABLE_USER_SCRIPT_SANDBOXING = YES;
				GCC_C_LANGUAGE_STANDARD = gnu17;
				GCC_NO_COMMON_BLOCKS = YES;
				GCC_WARN_64_TO_32_BIT_CONVERSION = YES;
				GCC_WARN_ABOUT_RETURN_TYPE = YES_ERROR;
				GCC_WARN_UNDECLARED_SELECTOR = YES;
				GCC_WARN_UNINITIALIZED_AUTOS = YES_AGGRESSIVE;
				GCC_WARN_UNUSED_FUNCTION = YES;
				GCC_WARN_UNUSED_VARIABLE = YES;
				LOCALIZATION_PREFERS_STRING_CATALOGS = YES;
				MTL_ENABLE_DEBUG_INFO = NO;
				MTL_FAST_MATH = YES;
				SWIFT_COMPILATION_MODE = wholemodule;
			};
			name = Release;
		};
		AC4080DB2B8E34AD004D7575 /* Debug */ = {
			isa = XCBuildConfiguration;
			buildSettings = {
				ASSETCATALOG_COMPILER_APPICON_NAME = AppIcon;
				ASSETCATALOG_COMPILER_GLOBAL_ACCENT_COLOR_NAME = AccentColor;
				CODE_SIGN_ENTITLEMENTS = Money/Money.entitlements;
				CODE_SIGN_STYLE = Automatic;
				CURRENT_PROJECT_VERSION = 1;
				DEVELOPMENT_ASSET_PATHS = "\"Money/Preview Content\"";
				DEVELOPMENT_TEAM = YZ7WQPG9RM;
				ENABLE_HARDENED_RUNTIME = YES;
				ENABLE_PREVIEWS = YES;
				GENERATE_INFOPLIST_FILE = YES;
				INFOPLIST_FILE = Money/Info.plist;
				"INFOPLIST_KEY_UIApplicationSceneManifest_Generation[sdk=iphoneos*]" = YES;
				"INFOPLIST_KEY_UIApplicationSceneManifest_Generation[sdk=iphonesimulator*]" = YES;
				"INFOPLIST_KEY_UIApplicationSupportsIndirectInputEvents[sdk=iphoneos*]" = YES;
				"INFOPLIST_KEY_UIApplicationSupportsIndirectInputEvents[sdk=iphonesimulator*]" = YES;
				"INFOPLIST_KEY_UILaunchScreen_Generation[sdk=iphoneos*]" = YES;
				"INFOPLIST_KEY_UILaunchScreen_Generation[sdk=iphonesimulator*]" = YES;
				"INFOPLIST_KEY_UIStatusBarStyle[sdk=iphoneos*]" = UIStatusBarStyleDefault;
				"INFOPLIST_KEY_UIStatusBarStyle[sdk=iphonesimulator*]" = UIStatusBarStyleDefault;
				INFOPLIST_KEY_UISupportedInterfaceOrientations = UIInterfaceOrientationPortrait;
				INFOPLIST_KEY_UISupportedInterfaceOrientations_iPad = "UIInterfaceOrientationLandscapeLeft UIInterfaceOrientationLandscapeRight UIInterfaceOrientationPortrait UIInterfaceOrientationPortraitUpsideDown";
				IPHONEOS_DEPLOYMENT_TARGET = 17.2;
				LD_RUNPATH_SEARCH_PATHS = "@executable_path/Frameworks";
				"LD_RUNPATH_SEARCH_PATHS[sdk=macosx*]" = "@executable_path/../Frameworks";
				MACOSX_DEPLOYMENT_TARGET = 14.0;
				MARKETING_VERSION = 1.0;
				PRODUCT_BUNDLE_IDENTIFIER = com.artemvaliev.Money;
				PRODUCT_NAME = "$(TARGET_NAME)";
				SDKROOT = auto;
				SUPPORTED_PLATFORMS = "iphoneos iphonesimulator";
				SUPPORTS_MACCATALYST = NO;
				SUPPORTS_MAC_DESIGNED_FOR_IPHONE_IPAD = YES;
				SWIFT_EMIT_LOC_STRINGS = YES;
				SWIFT_VERSION = 5.0;
				TARGETED_DEVICE_FAMILY = "1,2";
			};
			name = Debug;
		};
		AC4080DC2B8E34AD004D7575 /* Release */ = {
			isa = XCBuildConfiguration;
			buildSettings = {
				ASSETCATALOG_COMPILER_APPICON_NAME = AppIcon;
				ASSETCATALOG_COMPILER_GLOBAL_ACCENT_COLOR_NAME = AccentColor;
				CODE_SIGN_ENTITLEMENTS = Money/Money.entitlements;
				CODE_SIGN_STYLE = Automatic;
				CURRENT_PROJECT_VERSION = 1;
				DEVELOPMENT_ASSET_PATHS = "\"Money/Preview Content\"";
				DEVELOPMENT_TEAM = YZ7WQPG9RM;
				ENABLE_HARDENED_RUNTIME = YES;
				ENABLE_PREVIEWS = YES;
				GENERATE_INFOPLIST_FILE = YES;
				INFOPLIST_FILE = Money/Info.plist;
				"INFOPLIST_KEY_UIApplicationSceneManifest_Generation[sdk=iphoneos*]" = YES;
				"INFOPLIST_KEY_UIApplicationSceneManifest_Generation[sdk=iphonesimulator*]" = YES;
				"INFOPLIST_KEY_UIApplicationSupportsIndirectInputEvents[sdk=iphoneos*]" = YES;
				"INFOPLIST_KEY_UIApplicationSupportsIndirectInputEvents[sdk=iphonesimulator*]" = YES;
				"INFOPLIST_KEY_UILaunchScreen_Generation[sdk=iphoneos*]" = YES;
				"INFOPLIST_KEY_UILaunchScreen_Generation[sdk=iphonesimulator*]" = YES;
				"INFOPLIST_KEY_UIStatusBarStyle[sdk=iphoneos*]" = UIStatusBarStyleDefault;
				"INFOPLIST_KEY_UIStatusBarStyle[sdk=iphonesimulator*]" = UIStatusBarStyleDefault;
				INFOPLIST_KEY_UISupportedInterfaceOrientations = UIInterfaceOrientationPortrait;
				INFOPLIST_KEY_UISupportedInterfaceOrientations_iPad = "UIInterfaceOrientationLandscapeLeft UIInterfaceOrientationLandscapeRight UIInterfaceOrientationPortrait UIInterfaceOrientationPortraitUpsideDown";
				IPHONEOS_DEPLOYMENT_TARGET = 17.2;
				LD_RUNPATH_SEARCH_PATHS = "@executable_path/Frameworks";
				"LD_RUNPATH_SEARCH_PATHS[sdk=macosx*]" = "@executable_path/../Frameworks";
				MACOSX_DEPLOYMENT_TARGET = 14.0;
				MARKETING_VERSION = 1.0;
				PRODUCT_BUNDLE_IDENTIFIER = com.artemvaliev.Money;
				PRODUCT_NAME = "$(TARGET_NAME)";
				SDKROOT = auto;
				SUPPORTED_PLATFORMS = "iphoneos iphonesimulator";
				SUPPORTS_MACCATALYST = NO;
				SUPPORTS_MAC_DESIGNED_FOR_IPHONE_IPAD = YES;
				SWIFT_EMIT_LOC_STRINGS = YES;
				SWIFT_VERSION = 5.0;
				TARGETED_DEVICE_FAMILY = "1,2";
			};
			name = Release;
		};
		AC4080DE2B8E34AD004D7575 /* Debug */ = {
			isa = XCBuildConfiguration;
			buildSettings = {
				ALWAYS_EMBED_SWIFT_STANDARD_LIBRARIES = YES;
				BUNDLE_LOADER = "$(TEST_HOST)";
				CODE_SIGN_STYLE = Automatic;
				CURRENT_PROJECT_VERSION = 1;
				DEVELOPMENT_TEAM = YZ7WQPG9RM;
				GENERATE_INFOPLIST_FILE = YES;
				IPHONEOS_DEPLOYMENT_TARGET = 17.2;
				MACOSX_DEPLOYMENT_TARGET = 14.1;
				MARKETING_VERSION = 1.0;
				PRODUCT_BUNDLE_IDENTIFIER = com.artemvaliev.MoneyTests;
				PRODUCT_NAME = "$(TARGET_NAME)";
				SDKROOT = auto;
				SUPPORTED_PLATFORMS = "iphoneos iphonesimulator macosx";
				SWIFT_EMIT_LOC_STRINGS = NO;
				SWIFT_VERSION = 5.0;
				TARGETED_DEVICE_FAMILY = "1,2";
				TEST_HOST = "$(BUILT_PRODUCTS_DIR)/Money.app/$(BUNDLE_EXECUTABLE_FOLDER_PATH)/Money";
			};
			name = Debug;
		};
		AC4080DF2B8E34AD004D7575 /* Release */ = {
			isa = XCBuildConfiguration;
			buildSettings = {
				ALWAYS_EMBED_SWIFT_STANDARD_LIBRARIES = YES;
				BUNDLE_LOADER = "$(TEST_HOST)";
				CODE_SIGN_STYLE = Automatic;
				CURRENT_PROJECT_VERSION = 1;
				DEVELOPMENT_TEAM = YZ7WQPG9RM;
				GENERATE_INFOPLIST_FILE = YES;
				IPHONEOS_DEPLOYMENT_TARGET = 17.2;
				MACOSX_DEPLOYMENT_TARGET = 14.1;
				MARKETING_VERSION = 1.0;
				PRODUCT_BUNDLE_IDENTIFIER = com.artemvaliev.MoneyTests;
				PRODUCT_NAME = "$(TARGET_NAME)";
				SDKROOT = auto;
				SUPPORTED_PLATFORMS = "iphoneos iphonesimulator macosx";
				SWIFT_EMIT_LOC_STRINGS = NO;
				SWIFT_VERSION = 5.0;
				TARGETED_DEVICE_FAMILY = "1,2";
				TEST_HOST = "$(BUILT_PRODUCTS_DIR)/Money.app/$(BUNDLE_EXECUTABLE_FOLDER_PATH)/Money";
			};
			name = Release;
		};
		AC4080E12B8E34AD004D7575 /* Debug */ = {
			isa = XCBuildConfiguration;
			buildSettings = {
				ALWAYS_EMBED_SWIFT_STANDARD_LIBRARIES = YES;
				CODE_SIGN_STYLE = Automatic;
				CURRENT_PROJECT_VERSION = 1;
				DEVELOPMENT_TEAM = YZ7WQPG9RM;
				GENERATE_INFOPLIST_FILE = YES;
				IPHONEOS_DEPLOYMENT_TARGET = 17.2;
				MACOSX_DEPLOYMENT_TARGET = 14.1;
				MARKETING_VERSION = 1.0;
				PRODUCT_BUNDLE_IDENTIFIER = com.artemvaliev.MoneyUITests;
				PRODUCT_NAME = "$(TARGET_NAME)";
				SDKROOT = auto;
				SUPPORTED_PLATFORMS = "iphoneos iphonesimulator macosx";
				SWIFT_EMIT_LOC_STRINGS = NO;
				SWIFT_VERSION = 5.0;
				TARGETED_DEVICE_FAMILY = "1,2";
				TEST_TARGET_NAME = Money;
			};
			name = Debug;
		};
		AC4080E22B8E34AD004D7575 /* Release */ = {
			isa = XCBuildConfiguration;
			buildSettings = {
				ALWAYS_EMBED_SWIFT_STANDARD_LIBRARIES = YES;
				CODE_SIGN_STYLE = Automatic;
				CURRENT_PROJECT_VERSION = 1;
				DEVELOPMENT_TEAM = YZ7WQPG9RM;
				GENERATE_INFOPLIST_FILE = YES;
				IPHONEOS_DEPLOYMENT_TARGET = 17.2;
				MACOSX_DEPLOYMENT_TARGET = 14.1;
				MARKETING_VERSION = 1.0;
				PRODUCT_BUNDLE_IDENTIFIER = com.artemvaliev.MoneyUITests;
				PRODUCT_NAME = "$(TARGET_NAME)";
				SDKROOT = auto;
				SUPPORTED_PLATFORMS = "iphoneos iphonesimulator macosx";
				SWIFT_EMIT_LOC_STRINGS = NO;
				SWIFT_VERSION = 5.0;
				TARGETED_DEVICE_FAMILY = "1,2";
				TEST_TARGET_NAME = Money;
			};
			name = Release;
		};
/* End XCBuildConfiguration section */

/* Begin XCConfigurationList section */
		AC4080AD2B8E34AB004D7575 /* Build configuration list for PBXProject "Money" */ = {
			isa = XCConfigurationList;
			buildConfigurations = (
				AC4080D82B8E34AD004D7575 /* Debug */,
				AC4080D92B8E34AD004D7575 /* Release */,
			);
			defaultConfigurationIsVisible = 0;
			defaultConfigurationName = Release;
		};
		AC4080DA2B8E34AD004D7575 /* Build configuration list for PBXNativeTarget "Money" */ = {
			isa = XCConfigurationList;
			buildConfigurations = (
				AC4080DB2B8E34AD004D7575 /* Debug */,
				AC4080DC2B8E34AD004D7575 /* Release */,
			);
			defaultConfigurationIsVisible = 0;
			defaultConfigurationName = Release;
		};
		AC4080DD2B8E34AD004D7575 /* Build configuration list for PBXNativeTarget "MoneyTests" */ = {
			isa = XCConfigurationList;
			buildConfigurations = (
				AC4080DE2B8E34AD004D7575 /* Debug */,
				AC4080DF2B8E34AD004D7575 /* Release */,
			);
			defaultConfigurationIsVisible = 0;
			defaultConfigurationName = Release;
		};
		AC4080E02B8E34AD004D7575 /* Build configuration list for PBXNativeTarget "MoneyUITests" */ = {
			isa = XCConfigurationList;
			buildConfigurations = (
				AC4080E12B8E34AD004D7575 /* Debug */,
				AC4080E22B8E34AD004D7575 /* Release */,
			);
			defaultConfigurationIsVisible = 0;
			defaultConfigurationName = Release;
		};
/* End XCConfigurationList section */

/* Begin XCRemoteSwiftPackageReference section */
		ACA3AF422B933A2A00403538 /* XCRemoteSwiftPackageReference "MCEmojiPicker" */ = {
			isa = XCRemoteSwiftPackageReference;
			repositoryURL = "https://github.com/izyumkin/MCEmojiPicker?tab=readme-ov-file#feedback-generator-style";
			requirement = {
				kind = upToNextMajorVersion;
				minimumVersion = 1.2.3;
			};
		};
/* End XCRemoteSwiftPackageReference section */

/* Begin XCSwiftPackageProductDependency section */
		ACA3AF432B933A2A00403538 /* MCEmojiPicker */ = {
			isa = XCSwiftPackageProductDependency;
			package = ACA3AF422B933A2A00403538 /* XCRemoteSwiftPackageReference "MCEmojiPicker" */;
			productName = MCEmojiPicker;
		};
/* End XCSwiftPackageProductDependency section */
	};
	rootObject = AC4080AA2B8E34AB004D7575 /* Project object */;
}
